Microsoft Visual Studio Solution File, Format Version 12.00
# Visual Studio Version 16
VisualStudioVersion = 16.0.32901.82
MinimumVisualStudioVersion = 10.0.40219.1
Project("{F184B08F-C81C-45F6-A57F-5ABD9991F28F}") = "TS7N901_TableMsg", "..\..\sources\TS_Securite\TS7N901_TableMsg\TS7N901_TableMsg.vbproj", "{98CC8945-15FE-4047-8D7D-C8CADAF18DCD}"
EndProject
Project("{F184B08F-C81C-45F6-A57F-5ABD9991F28F}") = "TS7N361_GererRessrADLDS", "..\..\sources\TS_Securite\TS7N361_GererRessrADLDS\TS7N361_GererRessrADLDS.vbproj", "{4F88BF6D-221E-4C9F-9498-50C0FC2796BA}"
EndProject
Project("{F184B08F-C81C-45F6-A57F-5ABD9991F28F}") = "TS7N323_VerifierGroupeAD", "..\..\sources\TS_Securite\TS7N323_VerifierGroupeAD\TS7N323_VerifierGroupeAD.vbproj", "{2A9F5F5E-1AD7-4624-8037-D0040722C768}"
EndProject
Project("{F184B08F-C81C-45F6-A57F-5ABD9991F28F}") = "TS7N243_AccesSage", "..\..\sources\TS_Securite\TS7N243_AccesSage\TS7N243_AccesSage.vbproj", "{2DA2F471-4C86-4B18-9FE0-4BA80AAD58C9}"
EndProject
Project("{F184B08F-C81C-45F6-A57F-5ABD9991F28F}") = "TS7N123_PrEpurerCache", "..\..\sources\TS_Securite\TS7N123_PrEpurerCache\TS7N123_PrEpurerCache.vbproj", "{C5079A02-A1E7-4AFF-9BBB-DD98A61B8669}"
EndProject
Project("{F184B08F-C81C-45F6-A57F-5ABD9991F28F}") = "TS6N812_CiSuiSupAcd", "..\..\sources\TS_Securite\TS6N812_CiSuiSupAcd\TS6N812_CiSuiSupAcd.vbproj", "{8B8AB263-CDD0-46E0-AAEC-5490DF837529}"
EndProject
Project("{F184B08F-C81C-45F6-A57F-5ABD9991F28F}") = "TS6N811_CiImpSupAcd", "..\..\sources\TS_Securite\TS6N811_CiImpSupAcd\TS6N811_CiImpSupAcd.vbproj", "{4E7E8A01-D77D-42CD-9239-7CDF0A43C824}"
EndProject
Project("{F184B08F-C81C-45F6-A57F-5ABD9991F28F}") = "TS6N631_ZpTrtParmChif", "..\..\sources\TS_Securite\TS6N631_ZpTrtParmChif\TS6N631_ZpTrtParmChif.vbproj", "{D79AB554-94A8-489C-AC3D-C00F4F26C41D}"
EndProject
Project("{F184B08F-C81C-45F6-A57F-5ABD9991F28F}") = "TS6N621_ZgObtParmChif", "..\..\sources\TS_Securite\TS6N621_ZgObtParmChif\TS6N621_ZgObtParmChif.vbproj", "{904CF1C4-C967-43A0-AF7E-2EE59AED87FE}"
EndProject
Project("{F184B08F-C81C-45F6-A57F-5ABD9991F28F}") = "TS6N611_ZpGerParmChif", "..\..\sources\TS_Securite\TS6N611_ZpGerParmChif\TS6N611_ZpGerParmChif.vbproj", "{C0CA7C1C-DCC3-4B99-BBF5-29D3DCDF1A1B}"
EndProject
Project("{F184B08F-C81C-45F6-A57F-5ABD9991F28F}") = "TS6N021_ZpGestionJeton", "..\..\sources\TS_Securite\TS6N021_ZpGestionJeton\TS6N021_ZpGestionJeton.vbproj", "{AC72E8D4-737D-4E68-8331-B10164DF1A40}"
EndProject
Project("{F184B08F-C81C-45F6-A57F-5ABD9991F28F}") = "TS6N011_ZgLibOutils", "..\..\sources\TS_Securite\TS6N011_ZgLibOutils\TS6N011_ZgLibOutils.vbproj", "{1ED1F58D-235C-48BB-A8BA-4BB185A9F7A6}"
EndProject
Project("{F184B08F-C81C-45F6-A57F-5ABD9991F28F}") = "TS5N151_MSMQ", "..\..\sources\TS_Securite\TS5N151_MSMQ\TS5N151_MSMQ.vbproj", "{4B9BE987-8251-4702-BA6F-6AFD7B740C73}"
EndProject
Project("{F184B08F-C81C-45F6-A57F-5ABD9991F28F}") = "TS5N135_ZpMSMQPrive", "..\..\sources\TS_Securite\TS5N135_ZpMSMQPrive\TS5N135_ZpMSMQPrive.vbproj", "{BD238EEF-EDE9-4CC6-9F5B-DAB5D799DE84}"
EndProject
Project("{F184B08F-C81C-45F6-A57F-5ABD9991F28F}") = "TS5N133_GererVerrous", "..\..\sources\TS_Securite\TS5N133_GererVerrous\TS5N133_GererVerrous.vbproj", "{A613A538-1E0D-4F3D-B2CF-C10E7705B05E}"
EndProject
Project("{F184B08F-C81C-45F6-A57F-5ABD9991F28F}") = "TS4N333_HelperMemrsRuntime", "..\..\sources\TS_Securite\TS4N333_HelperMemrsRuntime\TS4N333_HelperMemrsRuntime.vbproj", "{013D1201-B706-4C47-BDE4-91C256416EE9}"
EndProject
Project("{F184B08F-C81C-45F6-A57F-5ABD9991F28F}") = "TS4N332_IHelperMemrsSecurite", "..\..\sources\TS_Securite\TS4N332_IHelperMemrsSecurite\TS4N332_IHelperMemrsSecurite.vbproj", "{3D0ACAC4-52DA-48CD-8E64-35B92610C64E}"
EndProject
Project("{F184B08F-C81C-45F6-A57F-5ABD9991F28F}") = "TS4N331_HelperMemrsSecurite", "..\..\sources\TS_Securite\TS4N331_HelperMemrsSecurite\TS4N331_HelperMemrsSecurite.vbproj", "{9070B465-0C66-41B7-BF29-CA1136D5FE3D}"
EndProject
Project("{F184B08F-C81C-45F6-A57F-5ABD9991F28F}") = "TS4N323_IAccesseurWCF", "..\..\sources\TS_Securite\TS4N323_IAccesseurWCF\TS4N323_IAccesseurWCF.vbproj", "{865281D8-EA02-4F3C-A7E7-D4418F677A67}"
EndProject
Project("{F184B08F-C81C-45F6-A57F-5ABD9991F28F}") = "TS4N323_CiAccesseurWCF", "..\..\sources\TS_Securite\TS4N323_CiAccesseurWCF\TS4N323_CiAccesseurWCF.vbproj", "{635E4E0D-2EC9-4A89-B65C-5BCD83C6C368}"
EndProject
Project("{F184B08F-C81C-45F6-A57F-5ABD9991F28F}") = "TS4N322_AccesseurWCF", "..\..\sources\TS_Securite\TS4N322_AccesseurWCF\TS4N322_AccesseurWCF.vbproj", "{F49EC723-DEF7-4374-A836-94C867C00BAC}"
EndProject
Project("{F184B08F-C81C-45F6-A57F-5ABD9991F28F}") = "TS4N321_AccesseurADLDS", "..\..\sources\TS_Securite\TS4N321_AccesseurADLDS\TS4N321_AccesseurADLDS.vbproj", "{9BCF0A53-292C-498F-9F18-B5DE71BC26E7}"
EndProject
Project("{F184B08F-C81C-45F6-A57F-5ABD9991F28F}") = "TS4N313_IVerfrSecrtApplicative", "..\..\sources\TS_Securite\TS4N313_IVerfrSecrtApplicative\TS4N313_IVerfrSecrtApplicative.vbproj", "{2F9F7D80-EC4F-49CA-894E-A2F04728356D}"
EndProject
Project("{F184B08F-C81C-45F6-A57F-5ABD9991F28F}") = "TS4N312_DtSecuriteApplicativeV1", "..\..\sources\TS_Securite\TS4N312_DtSecuriteApplicativeV1\TS4N312_DtSecuriteApplicativeV1.vbproj", "{5107107F-25DB-4A56-AEF7-4CFACCEE0948}"
EndProject
Project("{F184B08F-C81C-45F6-A57F-5ABD9991F28F}") = "TS4N311_VerfrSecrtApplicative", "..\..\sources\TS_Securite\TS4N311_VerfrSecrtApplicative\TS4N311_VerfrSecrtApplicative.vbproj", "{DA3C94B7-2BD6-420B-9252-3A4B7FC4A434}"
EndProject
Project("{F184B08F-C81C-45F6-A57F-5ABD9991F28F}") = "TS4N301_Exceptions", "..\..\sources\TS_Securite\TS4N301_Exceptions\TS4N301_Exceptions.vbproj", "{C57DDE1D-E066-4E6F-93BF-9B35E65B61E3}"
EndProject
Project("{F184B08F-C81C-45F6-A57F-5ABD9991F28F}") = "TS4N213_AccesAD", "..\..\sources\TS_Securite\TS4N213_AccesAD\TS4N213_AccesAD.vbproj", "{5F87A258-9B23-40DB-BF26-63171A523D0D}"
EndProject
Project("{F184B08F-C81C-45F6-A57F-5ABD9991F28F}") = "TS4N212_ObtnrInfoAD", "..\..\sources\TS_Securite\TS4N212_ObtnrInfoAD\TS4N212_ObtnrInfoAD.vbproj", "{A523508C-EAEE-452F-B744-E9E383306FEA}"
EndProject
Project("{F184B08F-C81C-45F6-A57F-5ABD9991F28F}") = "TS4N111_ImprimanteAD", "..\..\sources\TS_Securite\TS4N111_ImprimanteAD\TS4N111_ImprimanteAD.vbproj", "{8C87CF0D-7E6A-402D-AF1D-16F381A6CD45}"
EndProject
Project("{F184B08F-C81C-45F6-A57F-5ABD9991F28F}") = "TS1N621_INiveauSecrt1", "..\..\sources\TS_Securite\TS1N621_INiveauSecrt1\TS1N621_INiveauSecrt1.vbproj", "{377F8007-D1F5-4C24-AD05-087611439A77}"
EndProject
Project("{F184B08F-C81C-45F6-A57F-5ABD9991F28F}") = "TS1N612_PrGererUtilSecFtpSvr", "..\..\sources\TS_Securite\TS1N612_PrGererUtilSecFtpSvr\TS1N612_PrGererUtilSecFtpSvr.vbproj", "{09A7E7F0-2AF7-41C0-A6C3-E9BA8730928E}"
EndProject
Project("{F184B08F-C81C-45F6-A57F-5ABD9991F28F}") = "TS1N301_SecuriserAOS", "..\..\sources\TS_Securite\TS1N301_SecuriserAOS\TS1N301_SecuriserAOS.vbproj", "{0808C182-8182-411D-A9D0-D77213614299}"
EndProject
Project("{F184B08F-C81C-45F6-A57F-5ABD9991F28F}") = "TS1N236_CbAccesFichrComptGenrq", "..\..\sources\TS_Securite\TS1N236_CbAccesFichrComptGenrq\TS1N236_CbAccesFichrComptGenrq.vbproj", "{8C4D9687-F926-43D5-8B00-C7BFAF5F878E}"
EndProject
Project("{F184B08F-C81C-45F6-A57F-5ABD9991F28F}") = "TS1N234_AccesseurService", "..\..\sources\TS_Securite\TS1N234_AccesseurService\TS1N234_AccesseurService.vbproj", "{40203BFA-EC23-4FF6-A64F-68AB51E26A31}"
EndProject
Project("{F184B08F-C81C-45F6-A57F-5ABD9991F28F}") = "TS1N233_IAccesseurWCF", "..\..\sources\TS_Securite\TS1N233_IAccesseurWCF\TS1N233_IAccesseurWCF.vbproj", "{6FE7433F-6896-4109-B80A-86B3BC05C4BD}"
EndProject
Project("{F184B08F-C81C-45F6-A57F-5ABD9991F28F}") = "TS1N233_CiAccesseurWCF", "..\..\sources\TS_Securite\TS1N233_CiAccesseurWCF\TS1N233_CiAccesseurWCF.vbproj", "{8EC21447-027A-49F4-B327-AC6CB65AEE9C}"
EndProject
Project("{F184B08F-C81C-45F6-A57F-5ABD9991F28F}") = "TS1N232_AccesseurWCF", "..\..\sources\TS_Securite\TS1N232_AccesseurWCF\TS1N232_AccesseurWCF.vbproj", "{5071A2D9-7FAB-438F-A8EB-FD3B220FD5E0}"
EndProject
Project("{F184B08F-C81C-45F6-A57F-5ABD9991F28F}") = "TS1N231_AccesseurFichier", "..\..\sources\TS_Securite\TS1N231_AccesseurFichier\TS1N231_AccesseurFichier.vbproj", "{B98D162E-9AE8-4769-940F-167FF96F770A}"
EndProject
Project("{F184B08F-C81C-45F6-A57F-5ABD9991F28F}") = "TS1N230_IObtnrCompteGenerique", "..\..\sources\TS_Securite\TS1N230_IObtnrCompteGenerique\TS1N230_IObtnrCompteGenerique.vbproj", "{3E576822-BEB8-4563-A233-4B2CDC9BF276}"
EndProject
Project("{F184B08F-C81C-45F6-A57F-5ABD9991F28F}") = "TS1N224_CbCodAccGen", "..\..\sources\TS_Securite\TS1N224_CbCodAccGen\TS1N224_CbCodAccGen.vbproj", "{09226800-A814-435F-AF49-D663E2F8BC33}"
EndProject
Project("{F184B08F-C81C-45F6-A57F-5ABD9991F28F}") = "TS1N223_ZgObtCdAccGen", "..\..\sources\TS_Securite\TS1N223_ZgObtCdAccGen\TS1N223_ZgObtCdAccGen.vbproj", "{ADBB886F-8E5B-4DC6-A122-147952D44711}"
EndProject
Project("{F184B08F-C81C-45F6-A57F-5ABD9991F28F}") = "TS1N215_INiveauSecrt9", "..\..\sources\TS_Securite\TS1N215_INiveauSecrt9\TS1N215_INiveauSecrt9.vbproj", "{08CFA882-8925-4787-82B7-05D13DC58D42}"
EndProject
Project("{F184B08F-C81C-45F6-A57F-5ABD9991F28F}") = "TS1N215_INiveauSecrt2", "..\..\sources\TS_Securite\TS1N215_INiveauSecrt2\TS1N215_INiveauSecrt2.vbproj", "{B54E98FF-40AB-4DF1-BA0E-3EB5F9C722F1}"
EndProject
Project("{F184B08F-C81C-45F6-A57F-5ABD9991F28F}") = "TS1N215_INiveauSecrt1", "..\..\sources\TS_Securite\TS1N215_INiveauSecrt1\TS1N215_INiveauSecrt1.vbproj", "{6CB3899E-EDB2-4A77-8D6A-95CB2E302F83}"
EndProject
Project("{F184B08F-C81C-45F6-A57F-5ABD9991F28F}") = "TS1N215_CiCodAccGen", "..\..\sources\TS_Securite\TS1N215_CiCodAccGen\TS1N215_CiCodAccGen.vbproj", "{9F4C6A08-44DB-4471-9F33-F457F4AE0F84}"
EndProject
Project("{F184B08F-C81C-45F6-A57F-5ABD9991F28F}") = "TS1N214_PrGerAccGen", "..\..\sources\TS_Securite\TS1N214_PrGerAccGen\TS1N214_PrGerAccGen.vbproj", "{98313ADC-6B42-4F37-825F-315853D63785}"
EndProject
Project("{F184B08F-C81C-45F6-A57F-5ABD9991F28F}") = "TS1N201_DtCdAccGenV1", "..\..\sources\TS_Securite\TS1N201_DtCdAccGenV1\TS1N201_DtCdAccGenV1.vbproj", "{10B59821-E040-4F03-9331-04207E992C1D}"
EndProject
Project("{FAE04EC0-301F-11D3-BF4B-00C04F79EFBC}") = "TS7N414_DdInfosSecrtMenus", "..\..\sources\TS_Securite\TS7N414_DdInfosSecrtMenus\TS7N414_DdInfosSecrtMenus.csproj", "{6F7F3333-00BB-4846-81D1-D8B2E7A5F121}"
EndProject
Project("{FAE04EC0-301F-11D3-BF4B-00C04F79EFBC}") = "TS7N413_DdInfosSecrtNavgt", "..\..\sources\TS_Securite\TS7N413_DdInfosSecrtNavgt\TS7N413_DdInfosSecrtNavgt.csproj", "{F25B449F-ADB9-4877-9F2A-C360DDDC29FF}"
EndProject
Project("{FAE04EC0-301F-11D3-BF4B-00C04F79EFBC}") = "TS7N412_CiExtInfosSecrtMenus", "..\..\sources\TS_Securite\TS7N412_CiExtInfosSecrtMenus\TS7N412_CiExtInfosSecrtMenus.csproj", "{05EBCF8A-95BB-444F-8DA2-14263A3110CB}"
EndProject
Project("{FAE04EC0-301F-11D3-BF4B-00C04F79EFBC}") = "TS7N411_CiExtInfosSecrtNavgt", "..\..\sources\TS_Securite\TS7N411_CiExtInfosSecrtNavgt\TS7N411_CiExtInfosSecrtNavgt.csproj", "{E5015261-C4DC-4F63-887E-8E155F4ECC0B}"
EndProject
Project("{FAE04EC0-301F-11D3-BF4B-00C04F79EFBC}") = "TS6N627_IGererFichierChiffr", "..\..\sources\TS_Securite\TS6N627_IGererFichierChiffr\TS6N627_IGererFichierChiffr.csproj", "{55FA1D25-BB38-422B-82DE-5600A9D52345}"
EndProject
Project("{FAE04EC0-301F-11D3-BF4B-00C04F79EFBC}") = "TS6N627_CsGererFichierChiffr", "..\..\sources\TS_Securite\TS6N627_CsGererFichierChiffr\TS6N627_CsGererFichierChiffr.csproj", "{CFA10490-9ECE-4144-9BB3-BD268F77F6B0}"
EndProject
Project("{FAE04EC0-301F-11D3-BF4B-00C04F79EFBC}") = "TS6N626_IGererFichierChiffr", "..\..\sources\TS_Securite\TS6N626_IGererFichierChiffr\TS6N626_IGererFichierChiffr.csproj", "{AA6C6569-A912-472A-8CE4-F24549094C4A}"
EndProject
Project("{FAE04EC0-301F-11D3-BF4B-00C04F79EFBC}") = "TS6N626_CiGererFichierChiffr", "..\..\sources\TS_Securite\TS6N626_CiGererFichierChiffr\TS6N626_CiGererFichierChiffr.csproj", "{DADB05AD-B016-4218-BFD9-69FB552FF15F}"
EndProject
Project("{FAE04EC0-301F-11D3-BF4B-00C04F79EFBC}") = "TS6N624_CbGererFichierChiffr", "..\..\sources\TS_Securite\TS6N624_CbGererFichierChiffr\TS6N624_CbGererFichierChiffr.csproj", "{47019DD3-8E90-4AF7-8B46-AE16BFE07DA3}"
EndProject
Project("{FAE04EC0-301F-11D3-BF4B-00C04F79EFBC}") = "TS6N623_Accesseurs", "..\..\sources\TS_Securite\TS6N623_Accesseurs\TS6N623_Accesseurs.csproj", "{C850EC14-080A-432D-ADA2-5F1413C308DF}"
EndProject
Project("{FAE04EC0-301F-11D3-BF4B-00C04F79EFBC}") = "TS5N221_CiSecuriserDepotNTFS", "..\..\sources\TS_Securite\TS5N221_CiSecuriserDepotNTFS\TS5N221_CiSecuriserDepotNTFS.csproj", "{22F17318-4BC7-4C1E-9B0C-D3769BF05E5C}"
EndProject
Project("{FAE04EC0-301F-11D3-BF4B-00C04F79EFBC}") = "TS5N212_CiChargerDepotNTFS", "..\..\sources\TS_Securite\TS5N212_CiChargerDepotNTFS\TS5N212_CiChargerDepotNTFS.csproj", "{AC10F14E-AC73-4C37-B977-5510E16FBDDC}"
EndProject
Project("{FAE04EC0-301F-11D3-BF4B-00C04F79EFBC}") = "TS5N211_CbFonctionCommune", "..\..\sources\TS_Securite\TS5N211_CbFonctionCommune\TS5N211_CbFonctionCommune.csproj", "{CFAD76D0-4BFB-4515-9D3C-4138FE6E35F3}"
EndProject
Project("{FAE04EC0-301F-11D3-BF4B-00C04F79EFBC}") = "TS1N241_CdCertificatSecurite", "..\..\sources\TS_Securite\TS1N241_CdCertificatSecurite\TS1N241_CdCertificatSecurite.csproj", "{1477B77D-AB76-4C5A-B7DB-EB26F128B8BF}"
EndProject
Project("{FAE04EC0-301F-11D3-BF4B-00C04F79EFBC}") = "TS1N235_IAccesseurServiceAOSV1", "..\..\sources\TS_Securite\TS1N235_IAccesseurServiceAOSV1\TS1N235_IAccesseurServiceAOSV1.csproj", "{6742EE3C-9C5F-47DC-8146-3338F2D9FF7F}"
EndProject
Project("{FAE04EC0-301F-11D3-BF4B-00C04F79EFBC}") = "TS1N235_CsAccesseurServiceAOS", "..\..\sources\TS_Securite\TS1N235_CsAccesseurServiceAOS\TS1N235_CsAccesseurServiceAOS.csproj", "{8860A12F-E007-4530-8DC0-BA6E7094C1DE}"
EndProject
Project("{FAE04EC0-301F-11D3-BF4B-00C04F79EFBC}") = "TS1N152_ZpGererSigntDigtl", "..\..\sources\TS_Securite\TS1N152_ZpGererSigntDigtl\TS1N152_ZpGererSigntDigtl.csproj", "{7CE3341A-3D28-4526-8518-307A8969E6F0}"
EndProject
Project("{FAE04EC0-301F-11D3-BF4B-00C04F79EFBC}") = "TS1N151_ZpGererSigntDigtl", "..\..\sources\TS_Securite\TS1N151_ZpGererSigntDigtl\TS1N151_ZpGererSigntDigtl.csproj", "{46D38AFE-AEA9-4F61-899E-9A249C985755}"
EndProject
Project("{F184B08F-C81C-45F6-A57F-5ABD9991F28F}") = "TS4N401_CbFederationADFS", "..\..\sources\TS_Securite\TS4N401_CbFederationADFS\TS4N401_CbFederationADFS.vbproj", "{B9BF12DE-90AA-48D2-83C4-8E2660473F16}"
EndProject
Project("{FAE04EC0-301F-11D3-BF4B-00C04F79EFBC}") = "TS5N211_SecrtDepotFichier", "..\..\sources\TS_Securite\TS5N211_SecrtDepotFichier\TS5N211_SecrtDepotFichier.csproj", "{B9C3FC82-9688-44C1-B251-7EF433BA870B}"
EndProject
Project("{F184B08F-C81C-45F6-A57F-5ABD9991F28F}") = "TS7N211_DiffSage", "..\..\sources\TS_Securite\TS7N211_DiffSage\TS7N211_DiffSage.vbproj", "{CE6A3A00-8A26-443D-985D-04F724A64B39}"
EndProject
Project("{F184B08F-C81C-45F6-A57F-5ABD9991F28F}") = "TS7N231_ConnecteurIDM", "..\..\sources\TS_Securite\TS7N231_ConnecteurIDM\TS7N231_ConnecteurIDM.vbproj", "{7EE0C5AD-F343-4C6B-B010-4B0E051F58F6}"
EndProject
Project("{F184B08F-C81C-45F6-A57F-5ABD9991F28F}") = "TS7N232_AccesIDM", "..\..\sources\TS_Securite\TS7N232_AccesIDM\TS7N232_AccesIDM.vbproj", "{03EBA8A3-5128-460C-940B-AC0F948AE3B0}"
EndProject
Project("{F184B08F-C81C-45F6-A57F-5ABD9991F28F}") = "TS7N241_ConnecteurSage", "..\..\sources\TS_Securite\TS7N241_ConnecteurSage\TS7N241_ConnecteurSage.vbproj", "{C3D01C68-CB59-4CF2-B925-155701BD8E58}"
EndProject
Project("{F184B08F-C81C-45F6-A57F-5ABD9991F28F}") = "TS7N242_AccesSage", "..\..\sources\TS_Securite\TS7N242_AccesSage\TS7N242_AccesSage.vbproj", "{CDA3E81C-798B-4A4B-B58D-CFCD231EF7E0}"
EndProject
Project("{F184B08F-C81C-45F6-A57F-5ABD9991F28F}") = "TS7N311_ConnexionCibles", "..\..\sources\TS_Securite\TS7N311_ConnexionCibles\TS7N311_ConnexionCibles.vbproj", "{A2FA024F-7FD2-4710-A270-4E26E1910B38}"
EndProject
Project("{F184B08F-C81C-45F6-A57F-5ABD9991F28F}") = "TS7N312_SourceDiff", "..\..\sources\TS_Securite\TS7N312_SourceDiff\TS7N312_SourceDiff.vbproj", "{F1BB74AE-2B4C-4161-870E-B25F46483C8C}"
EndProject
Project("{F184B08F-C81C-45F6-A57F-5ABD9991F28F}") = "TS7N321_ConnecteurAD", "..\..\sources\TS_Securite\TS7N321_ConnecteurAD\TS7N321_ConnecteurAD.vbproj", "{EAA8222F-E122-4B4A-8DA6-45A710252247}"
EndProject
Project("{F184B08F-C81C-45F6-A57F-5ABD9991F28F}") = "TS7N331_ConnecteurTSS", "..\..\sources\TS_Securite\TS7N331_ConnecteurTSS\TS7N331_ConnecteurTSS.vbproj", "{A8DA5713-DE8D-46A4-9722-5A83B3C8FF05}"
EndProject
Project("{F184B08F-C81C-45F6-A57F-5ABD9991F28F}") = "TS7N332_AccesTSS", "..\..\sources\TS_Securite\TS7N332_AccesTSS\TS7N332_AccesTSS.vbproj", "{7E9EFCDC-DB5F-47D7-9D11-A6F30C581B2A}"
EndProject
Project("{F184B08F-C81C-45F6-A57F-5ABD9991F28F}") = "TS7N333_ConvrTssCsv", "..\..\sources\TS_Securite\TS7N333_ConvrTssCsv\TS7N333_ConvrTssCsv.vbproj", "{863F5B82-9908-4A94-9574-541431A7B5EF}"
EndProject
Project("{F184B08F-C81C-45F6-A57F-5ABD9991F28F}") = "TS7N341_ConnecteurCSV", "..\..\sources\TS_Securite\TS7N341_ConnecteurCSV\TS7N341_ConnecteurCSV.vbproj", "{B8DA5713-DE8D-46A4-9722-5A83B3C8FF06}"
EndProject
Project("{F184B08F-C81C-45F6-A57F-5ABD9991F28F}") = "TS7N342_AccesCSV", "..\..\sources\TS_Securite\TS7N342_AccesCSV\TS7N342_AccesCSV.vbproj", "{8E9EFCDC-DB5F-47D7-9D11-A6F30C581B2B}"
EndProject
Project("{9A19103F-16F7-4668-BE54-9A1E7A4F7556}") = "TS6N621_ZgObtParmChif_Core", "..\..\sources\TS_Securite\TS6N621_ZgObtParmChif_Core\TS6N621_ZgObtParmChif_Core.csproj", "{156282AD-B74D-4014-8ABB-DBC21D006F03}"
EndProject
Project("{F184B08F-C81C-45F6-A57F-5ABD9991F28F}") = "TS7N121_ServiceGestnAcces", "..\..\sources\TS_Securite\TS7N121_ServiceGestnAcces\TS7N121_ServiceGestnAcces.vbproj", "{4CCDF9C6-83D6-489A-B469-3BF8491C96DC}"
EndProject
Project("{F184B08F-C81C-45F6-A57F-5ABD9991F28F}") = "TS7N322_AccesAD", "..\..\sources\TS_Securite\TS7N322_AccesAD\TS7N322_AccesAD.vbproj", "{D0D37708-00F7-429F-9215-C19D0A4B3FF6}"
EndProject
Project("{F184B08F-C81C-45F6-A57F-5ABD9991F28F}") = "TS7N221_PreparerCible", "..\..\sources\TS_Securite\TS7N221_PreparerCible\TS7N221_PreparerCible.vbproj", "{9D39C3F6-E6D7-4CEA-9FE2-6941C00FA844}"
EndProject
Project("{F184B08F-C81C-45F6-A57F-5ABD9991F28F}") = "TS7D121_ServiceGestnAcces", "..\..\sources\Driver_Net\TS7D121_ServiceGestnAcces\TS7D121_ServiceGestnAcces.vbproj", "{0029067B-BD55-4936-8C74-7D2029C27D54}"
EndProject
Project("{F184B08F-C81C-45F6-A57F-5ABD9991F28F}") = "TS7D211_DriverDiffSage", "..\..\sources\Driver_Net\TS7D211_DriverDiffSage\TS7D211_DriverDiffSage.vbproj", "{1B3191C9-16A8-471F-B7B8-8EE643615D67}"
EndProject
Project("{F184B08F-C81C-45F6-A57F-5ABD9991F28F}") = "TS7D242_DriverAccesSage", "..\..\sources\Driver_Net\TS7D242_DriverAccesSage\TS7D242_DriverAccesSage.vbproj", "{E0B799CD-CBC2-4ED0-898F-8511E24241A2}"
EndProject
Project("{F184B08F-C81C-45F6-A57F-5ABD9991F28F}") = "TS1N227_CbTratrDemndMotPass", "..\..\sources\TS_Securite\TS1N227_CbTratrDemndMotPass\TS1N227_CbTratrDemndMotPass.vbproj", "{9D0B1A22-EBDE-4AF0-9D26-AAFB7350D826}"
EndProject
Project("{F184B08F-C81C-45F6-A57F-5ABD9991F28F}") = "TS1N621_CiGererUtilSecFtpSvr", "..\..\sources\TS_Securite\TS1N621_CiGererUtilSecFtpSvr\TS1N621_CiGererUtilSecFtpSvr.vbproj", "{53DD0845-A24F-4A4D-ADA5-180DF7745BE4}"
EndProject
Project("{F184B08F-C81C-45F6-A57F-5ABD9991F28F}") = "TSSStructuresZonesCom", "..\..\sources\StructuresZonesComm\TSSStructuresZonesCom\TSSStructuresZonesCom.vbproj", "{504B811C-2282-424F-A690-B7E6F62C41B7}"
EndProject
Project("{F184B08F-C81C-45F6-A57F-5ABD9991F28F}") = "TS4N215_IObtnrInfoAD", "..\..\sources\TS_Securite\TS4N215_IObtnrInfoAD\TS4N215_IObtnrInfoAD.vbproj", "{9B51C8F5-5FDE-493B-B9E0-114EC0A97EEE}"
EndProject
Project("{F184B08F-C81C-45F6-A57F-5ABD9991F28F}") = "TS4N215_CiObtnrInfoAD", "..\..\sources\TS_Securite\TS4N215_CiObtnrInfoAD\TS4N215_CiObtnrInfoAD.vbproj", "{C41C9525-757D-46C7-A332-CBA2575F326B}"
EndProject
Project("{F184B08F-C81C-45F6-A57F-5ABD9991F28F}") = "TS4N214_AccesseurADWCF", "..\..\sources\TS_Securite\TS4N214_AccesseurADWCF\TS4N214_AccesseurADWCF.vbproj", "{ACC15BB0-DB4C-48A6-A60E-EE59949F7123}"
EndProject
Project("{F184B08F-C81C-45F6-A57F-5ABD9991F28F}") = "TS6N628_DtParmChif", "..\..\sources\TS_Securite\TS6N628_DtParmChif\TS6N628_DtParmChif.vbproj", "{54AD6FB2-CAA0-4404-801B-C2975B83E674}"
EndProject
Global
	GlobalSection(SolutionConfigurationPlatforms) = preSolution
		BuildPFC|Any CPU = BuildPFC|Any CPU
		BuildPFCFxCop|Any CPU = BuildPFCFxCop|Any CPU
		Debug|Any CPU = Debug|Any CPU
		Release|Any CPU = Release|Any CPU
	EndGlobalSection
	GlobalSection(ProjectConfigurationPlatforms) = postSolution
		{98CC8945-15FE-4047-8D7D-C8CADAF18DCD}.BuildPFC|Any CPU.ActiveCfg = Release|Any CPU
		{98CC8945-15FE-4047-8D7D-C8CADAF18DCD}.BuildPFC|Any CPU.Build.0 = Release|Any CPU
		{98CC8945-15FE-4047-8D7D-C8CADAF18DCD}.BuildPFCFxCop|Any CPU.ActiveCfg = Release|Any CPU
		{98CC8945-15FE-4047-8D7D-C8CADAF18DCD}.BuildPFCFxCop|Any CPU.Build.0 = Release|Any CPU
		{98CC8945-15FE-4047-8D7D-C8CADAF18DCD}.Debug|Any CPU.ActiveCfg = Debug|Any CPU
		{98CC8945-15FE-4047-8D7D-C8CADAF18DCD}.Debug|Any CPU.Build.0 = Debug|Any CPU
		{98CC8945-15FE-4047-8D7D-C8CADAF18DCD}.Release|Any CPU.ActiveCfg = Release|Any CPU
		{98CC8945-15FE-4047-8D7D-C8CADAF18DCD}.Release|Any CPU.Build.0 = Release|Any CPU
		{4F88BF6D-221E-4C9F-9498-50C0FC2796BA}.BuildPFC|Any CPU.ActiveCfg = Release|Any CPU
		{4F88BF6D-221E-4C9F-9498-50C0FC2796BA}.BuildPFC|Any CPU.Build.0 = Release|Any CPU
		{4F88BF6D-221E-4C9F-9498-50C0FC2796BA}.BuildPFCFxCop|Any CPU.ActiveCfg = Release|Any CPU
		{4F88BF6D-221E-4C9F-9498-50C0FC2796BA}.BuildPFCFxCop|Any CPU.Build.0 = Release|Any CPU
		{4F88BF6D-221E-4C9F-9498-50C0FC2796BA}.Debug|Any CPU.ActiveCfg = Debug|Any CPU
		{4F88BF6D-221E-4C9F-9498-50C0FC2796BA}.Debug|Any CPU.Build.0 = Debug|Any CPU
		{4F88BF6D-221E-4C9F-9498-50C0FC2796BA}.Release|Any CPU.ActiveCfg = Release|Any CPU
		{4F88BF6D-221E-4C9F-9498-50C0FC2796BA}.Release|Any CPU.Build.0 = Release|Any CPU
		{2A9F5F5E-1AD7-4624-8037-D0040722C768}.BuildPFC|Any CPU.ActiveCfg = Release|Any CPU
		{2A9F5F5E-1AD7-4624-8037-D0040722C768}.BuildPFC|Any CPU.Build.0 = Release|Any CPU
		{2A9F5F5E-1AD7-4624-8037-D0040722C768}.BuildPFCFxCop|Any CPU.ActiveCfg = Release|Any CPU
		{2A9F5F5E-1AD7-4624-8037-D0040722C768}.BuildPFCFxCop|Any CPU.Build.0 = Release|Any CPU
		{2A9F5F5E-1AD7-4624-8037-D0040722C768}.Debug|Any CPU.ActiveCfg = Debug|Any CPU
		{2A9F5F5E-1AD7-4624-8037-D0040722C768}.Debug|Any CPU.Build.0 = Debug|Any CPU
		{2A9F5F5E-1AD7-4624-8037-D0040722C768}.Release|Any CPU.ActiveCfg = Release|Any CPU
		{2A9F5F5E-1AD7-4624-8037-D0040722C768}.Release|Any CPU.Build.0 = Release|Any CPU
		{2DA2F471-4C86-4B18-9FE0-4BA80AAD58C9}.BuildPFC|Any CPU.ActiveCfg = Release|Any CPU
		{2DA2F471-4C86-4B18-9FE0-4BA80AAD58C9}.BuildPFC|Any CPU.Build.0 = Release|Any CPU
		{2DA2F471-4C86-4B18-9FE0-4BA80AAD58C9}.BuildPFCFxCop|Any CPU.ActiveCfg = Release|Any CPU
		{2DA2F471-4C86-4B18-9FE0-4BA80AAD58C9}.BuildPFCFxCop|Any CPU.Build.0 = Release|Any CPU
		{2DA2F471-4C86-4B18-9FE0-4BA80AAD58C9}.Debug|Any CPU.ActiveCfg = Debug|Any CPU
		{2DA2F471-4C86-4B18-9FE0-4BA80AAD58C9}.Debug|Any CPU.Build.0 = Debug|Any CPU
		{2DA2F471-4C86-4B18-9FE0-4BA80AAD58C9}.Release|Any CPU.ActiveCfg = Release|Any CPU
		{2DA2F471-4C86-4B18-9FE0-4BA80AAD58C9}.Release|Any CPU.Build.0 = Release|Any CPU
		{C5079A02-A1E7-4AFF-9BBB-DD98A61B8669}.BuildPFC|Any CPU.ActiveCfg = Release|Any CPU
		{C5079A02-A1E7-4AFF-9BBB-DD98A61B8669}.BuildPFC|Any CPU.Build.0 = Release|Any CPU
		{C5079A02-A1E7-4AFF-9BBB-DD98A61B8669}.BuildPFCFxCop|Any CPU.ActiveCfg = Release|Any CPU
		{C5079A02-A1E7-4AFF-9BBB-DD98A61B8669}.BuildPFCFxCop|Any CPU.Build.0 = Release|Any CPU
		{C5079A02-A1E7-4AFF-9BBB-DD98A61B8669}.Debug|Any CPU.ActiveCfg = Debug|Any CPU
		{C5079A02-A1E7-4AFF-9BBB-DD98A61B8669}.Debug|Any CPU.Build.0 = Debug|Any CPU
		{C5079A02-A1E7-4AFF-9BBB-DD98A61B8669}.Release|Any CPU.ActiveCfg = Release|Any CPU
		{C5079A02-A1E7-4AFF-9BBB-DD98A61B8669}.Release|Any CPU.Build.0 = Release|Any CPU
		{8B8AB263-CDD0-46E0-AAEC-5490DF837529}.BuildPFC|Any CPU.ActiveCfg = Release|Any CPU
		{8B8AB263-CDD0-46E0-AAEC-5490DF837529}.BuildPFC|Any CPU.Build.0 = Release|Any CPU
		{8B8AB263-CDD0-46E0-AAEC-5490DF837529}.BuildPFCFxCop|Any CPU.ActiveCfg = Release|Any CPU
		{8B8AB263-CDD0-46E0-AAEC-5490DF837529}.BuildPFCFxCop|Any CPU.Build.0 = Release|Any CPU
		{8B8AB263-CDD0-46E0-AAEC-5490DF837529}.Debug|Any CPU.ActiveCfg = Debug|Any CPU
		{8B8AB263-CDD0-46E0-AAEC-5490DF837529}.Debug|Any CPU.Build.0 = Debug|Any CPU
		{8B8AB263-CDD0-46E0-AAEC-5490DF837529}.Release|Any CPU.ActiveCfg = Release|Any CPU
		{8B8AB263-CDD0-46E0-AAEC-5490DF837529}.Release|Any CPU.Build.0 = Release|Any CPU
		{4E7E8A01-D77D-42CD-9239-7CDF0A43C824}.BuildPFC|Any CPU.ActiveCfg = Release|Any CPU
		{4E7E8A01-D77D-42CD-9239-7CDF0A43C824}.BuildPFC|Any CPU.Build.0 = Release|Any CPU
		{4E7E8A01-D77D-42CD-9239-7CDF0A43C824}.BuildPFCFxCop|Any CPU.ActiveCfg = Release|Any CPU
		{4E7E8A01-D77D-42CD-9239-7CDF0A43C824}.BuildPFCFxCop|Any CPU.Build.0 = Release|Any CPU
		{4E7E8A01-D77D-42CD-9239-7CDF0A43C824}.Debug|Any CPU.ActiveCfg = Debug|Any CPU
		{4E7E8A01-D77D-42CD-9239-7CDF0A43C824}.Debug|Any CPU.Build.0 = Debug|Any CPU
		{4E7E8A01-D77D-42CD-9239-7CDF0A43C824}.Release|Any CPU.ActiveCfg = Release|Any CPU
		{4E7E8A01-D77D-42CD-9239-7CDF0A43C824}.Release|Any CPU.Build.0 = Release|Any CPU
		{D79AB554-94A8-489C-AC3D-C00F4F26C41D}.BuildPFC|Any CPU.ActiveCfg = Release|Any CPU
		{D79AB554-94A8-489C-AC3D-C00F4F26C41D}.BuildPFC|Any CPU.Build.0 = Release|Any CPU
		{D79AB554-94A8-489C-AC3D-C00F4F26C41D}.BuildPFCFxCop|Any CPU.ActiveCfg = Release|Any CPU
		{D79AB554-94A8-489C-AC3D-C00F4F26C41D}.BuildPFCFxCop|Any CPU.Build.0 = Release|Any CPU
		{D79AB554-94A8-489C-AC3D-C00F4F26C41D}.Debug|Any CPU.ActiveCfg = Debug|Any CPU
		{D79AB554-94A8-489C-AC3D-C00F4F26C41D}.Debug|Any CPU.Build.0 = Debug|Any CPU
		{D79AB554-94A8-489C-AC3D-C00F4F26C41D}.Release|Any CPU.ActiveCfg = Release|Any CPU
		{D79AB554-94A8-489C-AC3D-C00F4F26C41D}.Release|Any CPU.Build.0 = Release|Any CPU
		{904CF1C4-C967-43A0-AF7E-2EE59AED87FE}.BuildPFC|Any CPU.ActiveCfg = Release|Any CPU
		{904CF1C4-C967-43A0-AF7E-2EE59AED87FE}.BuildPFC|Any CPU.Build.0 = Release|Any CPU
		{904CF1C4-C967-43A0-AF7E-2EE59AED87FE}.BuildPFCFxCop|Any CPU.ActiveCfg = Release|Any CPU
		{904CF1C4-C967-43A0-AF7E-2EE59AED87FE}.BuildPFCFxCop|Any CPU.Build.0 = Release|Any CPU
		{904CF1C4-C967-43A0-AF7E-2EE59AED87FE}.Debug|Any CPU.ActiveCfg = Debug|Any CPU
		{904CF1C4-C967-43A0-AF7E-2EE59AED87FE}.Debug|Any CPU.Build.0 = Debug|Any CPU
		{904CF1C4-C967-43A0-AF7E-2EE59AED87FE}.Release|Any CPU.ActiveCfg = Release|Any CPU
		{904CF1C4-C967-43A0-AF7E-2EE59AED87FE}.Release|Any CPU.Build.0 = Release|Any CPU
		{C0CA7C1C-DCC3-4B99-BBF5-29D3DCDF1A1B}.BuildPFC|Any CPU.ActiveCfg = Release|Any CPU
		{C0CA7C1C-DCC3-4B99-BBF5-29D3DCDF1A1B}.BuildPFC|Any CPU.Build.0 = Release|Any CPU
		{C0CA7C1C-DCC3-4B99-BBF5-29D3DCDF1A1B}.BuildPFCFxCop|Any CPU.ActiveCfg = Release|Any CPU
		{C0CA7C1C-DCC3-4B99-BBF5-29D3DCDF1A1B}.BuildPFCFxCop|Any CPU.Build.0 = Release|Any CPU
		{C0CA7C1C-DCC3-4B99-BBF5-29D3DCDF1A1B}.Debug|Any CPU.ActiveCfg = Debug|Any CPU
		{C0CA7C1C-DCC3-4B99-BBF5-29D3DCDF1A1B}.Debug|Any CPU.Build.0 = Debug|Any CPU
		{C0CA7C1C-DCC3-4B99-BBF5-29D3DCDF1A1B}.Release|Any CPU.ActiveCfg = Release|Any CPU
		{C0CA7C1C-DCC3-4B99-BBF5-29D3DCDF1A1B}.Release|Any CPU.Build.0 = Release|Any CPU
		{AC72E8D4-737D-4E68-8331-B10164DF1A40}.BuildPFC|Any CPU.ActiveCfg = Release|Any CPU
		{AC72E8D4-737D-4E68-8331-B10164DF1A40}.BuildPFC|Any CPU.Build.0 = Release|Any CPU
		{AC72E8D4-737D-4E68-8331-B10164DF1A40}.BuildPFCFxCop|Any CPU.ActiveCfg = Release|Any CPU
		{AC72E8D4-737D-4E68-8331-B10164DF1A40}.BuildPFCFxCop|Any CPU.Build.0 = Release|Any CPU
		{AC72E8D4-737D-4E68-8331-B10164DF1A40}.Debug|Any CPU.ActiveCfg = Debug|Any CPU
		{AC72E8D4-737D-4E68-8331-B10164DF1A40}.Debug|Any CPU.Build.0 = Debug|Any CPU
		{AC72E8D4-737D-4E68-8331-B10164DF1A40}.Release|Any CPU.ActiveCfg = Release|Any CPU
		{AC72E8D4-737D-4E68-8331-B10164DF1A40}.Release|Any CPU.Build.0 = Release|Any CPU
		{1ED1F58D-235C-48BB-A8BA-4BB185A9F7A6}.BuildPFC|Any CPU.ActiveCfg = Release|Any CPU
		{1ED1F58D-235C-48BB-A8BA-4BB185A9F7A6}.BuildPFC|Any CPU.Build.0 = Release|Any CPU
		{1ED1F58D-235C-48BB-A8BA-4BB185A9F7A6}.BuildPFCFxCop|Any CPU.ActiveCfg = Release|Any CPU
		{1ED1F58D-235C-48BB-A8BA-4BB185A9F7A6}.BuildPFCFxCop|Any CPU.Build.0 = Release|Any CPU
		{1ED1F58D-235C-48BB-A8BA-4BB185A9F7A6}.Debug|Any CPU.ActiveCfg = Debug|Any CPU
		{1ED1F58D-235C-48BB-A8BA-4BB185A9F7A6}.Debug|Any CPU.Build.0 = Debug|Any CPU
		{1ED1F58D-235C-48BB-A8BA-4BB185A9F7A6}.Release|Any CPU.ActiveCfg = Release|Any CPU
		{1ED1F58D-235C-48BB-A8BA-4BB185A9F7A6}.Release|Any CPU.Build.0 = Release|Any CPU
		{4B9BE987-8251-4702-BA6F-6AFD7B740C73}.BuildPFC|Any CPU.ActiveCfg = Release|Any CPU
		{4B9BE987-8251-4702-BA6F-6AFD7B740C73}.BuildPFC|Any CPU.Build.0 = Release|Any CPU
		{4B9BE987-8251-4702-BA6F-6AFD7B740C73}.BuildPFCFxCop|Any CPU.ActiveCfg = Release|Any CPU
		{4B9BE987-8251-4702-BA6F-6AFD7B740C73}.BuildPFCFxCop|Any CPU.Build.0 = Release|Any CPU
		{4B9BE987-8251-4702-BA6F-6AFD7B740C73}.Debug|Any CPU.ActiveCfg = Debug|Any CPU
		{4B9BE987-8251-4702-BA6F-6AFD7B740C73}.Debug|Any CPU.Build.0 = Debug|Any CPU
		{4B9BE987-8251-4702-BA6F-6AFD7B740C73}.Release|Any CPU.ActiveCfg = Release|Any CPU
		{4B9BE987-8251-4702-BA6F-6AFD7B740C73}.Release|Any CPU.Build.0 = Release|Any CPU
		{BD238EEF-EDE9-4CC6-9F5B-DAB5D799DE84}.BuildPFC|Any CPU.ActiveCfg = Release|Any CPU
		{BD238EEF-EDE9-4CC6-9F5B-DAB5D799DE84}.BuildPFC|Any CPU.Build.0 = Release|Any CPU
		{BD238EEF-EDE9-4CC6-9F5B-DAB5D799DE84}.BuildPFCFxCop|Any CPU.ActiveCfg = Release|Any CPU
		{BD238EEF-EDE9-4CC6-9F5B-DAB5D799DE84}.BuildPFCFxCop|Any CPU.Build.0 = Release|Any CPU
		{BD238EEF-EDE9-4CC6-9F5B-DAB5D799DE84}.Debug|Any CPU.ActiveCfg = Debug|Any CPU
		{BD238EEF-EDE9-4CC6-9F5B-DAB5D799DE84}.Debug|Any CPU.Build.0 = Debug|Any CPU
		{BD238EEF-EDE9-4CC6-9F5B-DAB5D799DE84}.Release|Any CPU.ActiveCfg = Release|Any CPU
		{BD238EEF-EDE9-4CC6-9F5B-DAB5D799DE84}.Release|Any CPU.Build.0 = Release|Any CPU
		{A613A538-1E0D-4F3D-B2CF-C10E7705B05E}.BuildPFC|Any CPU.ActiveCfg = Release|Any CPU
		{A613A538-1E0D-4F3D-B2CF-C10E7705B05E}.BuildPFC|Any CPU.Build.0 = Release|Any CPU
		{A613A538-1E0D-4F3D-B2CF-C10E7705B05E}.BuildPFCFxCop|Any CPU.ActiveCfg = Release|Any CPU
		{A613A538-1E0D-4F3D-B2CF-C10E7705B05E}.BuildPFCFxCop|Any CPU.Build.0 = Release|Any CPU
		{A613A538-1E0D-4F3D-B2CF-C10E7705B05E}.Debug|Any CPU.ActiveCfg = Debug|Any CPU
		{A613A538-1E0D-4F3D-B2CF-C10E7705B05E}.Debug|Any CPU.Build.0 = Debug|Any CPU
		{A613A538-1E0D-4F3D-B2CF-C10E7705B05E}.Release|Any CPU.ActiveCfg = Release|Any CPU
		{A613A538-1E0D-4F3D-B2CF-C10E7705B05E}.Release|Any CPU.Build.0 = Release|Any CPU
		{013D1201-B706-4C47-BDE4-91C256416EE9}.BuildPFC|Any CPU.ActiveCfg = Release|Any CPU
		{013D1201-B706-4C47-BDE4-91C256416EE9}.BuildPFC|Any CPU.Build.0 = Release|Any CPU
		{013D1201-B706-4C47-BDE4-91C256416EE9}.BuildPFCFxCop|Any CPU.ActiveCfg = Release|Any CPU
		{013D1201-B706-4C47-BDE4-91C256416EE9}.BuildPFCFxCop|Any CPU.Build.0 = Release|Any CPU
		{013D1201-B706-4C47-BDE4-91C256416EE9}.Debug|Any CPU.ActiveCfg = Debug|Any CPU
		{013D1201-B706-4C47-BDE4-91C256416EE9}.Debug|Any CPU.Build.0 = Debug|Any CPU
		{013D1201-B706-4C47-BDE4-91C256416EE9}.Release|Any CPU.ActiveCfg = Release|Any CPU
		{013D1201-B706-4C47-BDE4-91C256416EE9}.Release|Any CPU.Build.0 = Release|Any CPU
		{3D0ACAC4-52DA-48CD-8E64-35B92610C64E}.BuildPFC|Any CPU.ActiveCfg = Release|Any CPU
		{3D0ACAC4-52DA-48CD-8E64-35B92610C64E}.BuildPFC|Any CPU.Build.0 = Release|Any CPU
		{3D0ACAC4-52DA-48CD-8E64-35B92610C64E}.BuildPFCFxCop|Any CPU.ActiveCfg = Release|Any CPU
		{3D0ACAC4-52DA-48CD-8E64-35B92610C64E}.BuildPFCFxCop|Any CPU.Build.0 = Release|Any CPU
		{3D0ACAC4-52DA-48CD-8E64-35B92610C64E}.Debug|Any CPU.ActiveCfg = Debug|Any CPU
		{3D0ACAC4-52DA-48CD-8E64-35B92610C64E}.Debug|Any CPU.Build.0 = Debug|Any CPU
		{3D0ACAC4-52DA-48CD-8E64-35B92610C64E}.Release|Any CPU.ActiveCfg = Release|Any CPU
		{3D0ACAC4-52DA-48CD-8E64-35B92610C64E}.Release|Any CPU.Build.0 = Release|Any CPU
		{9070B465-0C66-41B7-BF29-CA1136D5FE3D}.BuildPFC|Any CPU.ActiveCfg = Release|Any CPU
		{9070B465-0C66-41B7-BF29-CA1136D5FE3D}.BuildPFC|Any CPU.Build.0 = Release|Any CPU
		{9070B465-0C66-41B7-BF29-CA1136D5FE3D}.BuildPFCFxCop|Any CPU.ActiveCfg = Release|Any CPU
		{9070B465-0C66-41B7-BF29-CA1136D5FE3D}.BuildPFCFxCop|Any CPU.Build.0 = Release|Any CPU
		{9070B465-0C66-41B7-BF29-CA1136D5FE3D}.Debug|Any CPU.ActiveCfg = Debug|Any CPU
		{9070B465-0C66-41B7-BF29-CA1136D5FE3D}.Debug|Any CPU.Build.0 = Debug|Any CPU
		{9070B465-0C66-41B7-BF29-CA1136D5FE3D}.Release|Any CPU.ActiveCfg = Release|Any CPU
		{9070B465-0C66-41B7-BF29-CA1136D5FE3D}.Release|Any CPU.Build.0 = Release|Any CPU
		{865281D8-EA02-4F3C-A7E7-D4418F677A67}.BuildPFC|Any CPU.ActiveCfg = Release|Any CPU
		{865281D8-EA02-4F3C-A7E7-D4418F677A67}.BuildPFC|Any CPU.Build.0 = Release|Any CPU
		{865281D8-EA02-4F3C-A7E7-D4418F677A67}.BuildPFCFxCop|Any CPU.ActiveCfg = Release|Any CPU
		{865281D8-EA02-4F3C-A7E7-D4418F677A67}.BuildPFCFxCop|Any CPU.Build.0 = Release|Any CPU
		{865281D8-EA02-4F3C-A7E7-D4418F677A67}.Debug|Any CPU.ActiveCfg = Debug|Any CPU
		{865281D8-EA02-4F3C-A7E7-D4418F677A67}.Debug|Any CPU.Build.0 = Debug|Any CPU
		{865281D8-EA02-4F3C-A7E7-D4418F677A67}.Release|Any CPU.ActiveCfg = Release|Any CPU
		{865281D8-EA02-4F3C-A7E7-D4418F677A67}.Release|Any CPU.Build.0 = Release|Any CPU
		{635E4E0D-2EC9-4A89-B65C-5BCD83C6C368}.BuildPFC|Any CPU.ActiveCfg = Release|Any CPU
		{635E4E0D-2EC9-4A89-B65C-5BCD83C6C368}.BuildPFC|Any CPU.Build.0 = Release|Any CPU
		{635E4E0D-2EC9-4A89-B65C-5BCD83C6C368}.BuildPFCFxCop|Any CPU.ActiveCfg = Release|Any CPU
		{635E4E0D-2EC9-4A89-B65C-5BCD83C6C368}.BuildPFCFxCop|Any CPU.Build.0 = Release|Any CPU
		{635E4E0D-2EC9-4A89-B65C-5BCD83C6C368}.Debug|Any CPU.ActiveCfg = Debug|Any CPU
		{635E4E0D-2EC9-4A89-B65C-5BCD83C6C368}.Debug|Any CPU.Build.0 = Debug|Any CPU
		{635E4E0D-2EC9-4A89-B65C-5BCD83C6C368}.Release|Any CPU.ActiveCfg = Release|Any CPU
		{635E4E0D-2EC9-4A89-B65C-5BCD83C6C368}.Release|Any CPU.Build.0 = Release|Any CPU
		{F49EC723-DEF7-4374-A836-94C867C00BAC}.BuildPFC|Any CPU.ActiveCfg = Release|Any CPU
		{F49EC723-DEF7-4374-A836-94C867C00BAC}.BuildPFC|Any CPU.Build.0 = Release|Any CPU
		{F49EC723-DEF7-4374-A836-94C867C00BAC}.BuildPFCFxCop|Any CPU.ActiveCfg = Release|Any CPU
		{F49EC723-DEF7-4374-A836-94C867C00BAC}.BuildPFCFxCop|Any CPU.Build.0 = Release|Any CPU
		{F49EC723-DEF7-4374-A836-94C867C00BAC}.Debug|Any CPU.ActiveCfg = Debug|Any CPU
		{F49EC723-DEF7-4374-A836-94C867C00BAC}.Debug|Any CPU.Build.0 = Debug|Any CPU
		{F49EC723-DEF7-4374-A836-94C867C00BAC}.Release|Any CPU.ActiveCfg = Release|Any CPU
		{F49EC723-DEF7-4374-A836-94C867C00BAC}.Release|Any CPU.Build.0 = Release|Any CPU
		{9BCF0A53-292C-498F-9F18-B5DE71BC26E7}.BuildPFC|Any CPU.ActiveCfg = Release|Any CPU
		{9BCF0A53-292C-498F-9F18-B5DE71BC26E7}.BuildPFC|Any CPU.Build.0 = Release|Any CPU
		{9BCF0A53-292C-498F-9F18-B5DE71BC26E7}.BuildPFCFxCop|Any CPU.ActiveCfg = Release|Any CPU
		{9BCF0A53-292C-498F-9F18-B5DE71BC26E7}.BuildPFCFxCop|Any CPU.Build.0 = Release|Any CPU
		{9BCF0A53-292C-498F-9F18-B5DE71BC26E7}.Debug|Any CPU.ActiveCfg = Debug|Any CPU
		{9BCF0A53-292C-498F-9F18-B5DE71BC26E7}.Debug|Any CPU.Build.0 = Debug|Any CPU
		{9BCF0A53-292C-498F-9F18-B5DE71BC26E7}.Release|Any CPU.ActiveCfg = Release|Any CPU
		{9BCF0A53-292C-498F-9F18-B5DE71BC26E7}.Release|Any CPU.Build.0 = Release|Any CPU
		{2F9F7D80-EC4F-49CA-894E-A2F04728356D}.BuildPFC|Any CPU.ActiveCfg = Release|Any CPU
		{2F9F7D80-EC4F-49CA-894E-A2F04728356D}.BuildPFC|Any CPU.Build.0 = Release|Any CPU
		{2F9F7D80-EC4F-49CA-894E-A2F04728356D}.BuildPFCFxCop|Any CPU.ActiveCfg = Release|Any CPU
		{2F9F7D80-EC4F-49CA-894E-A2F04728356D}.BuildPFCFxCop|Any CPU.Build.0 = Release|Any CPU
		{2F9F7D80-EC4F-49CA-894E-A2F04728356D}.Debug|Any CPU.ActiveCfg = Debug|Any CPU
		{2F9F7D80-EC4F-49CA-894E-A2F04728356D}.Debug|Any CPU.Build.0 = Debug|Any CPU
		{2F9F7D80-EC4F-49CA-894E-A2F04728356D}.Release|Any CPU.ActiveCfg = Release|Any CPU
		{2F9F7D80-EC4F-49CA-894E-A2F04728356D}.Release|Any CPU.Build.0 = Release|Any CPU
		{5107107F-25DB-4A56-AEF7-4CFACCEE0948}.BuildPFC|Any CPU.ActiveCfg = Release|Any CPU
		{5107107F-25DB-4A56-AEF7-4CFACCEE0948}.BuildPFC|Any CPU.Build.0 = Release|Any CPU
		{5107107F-25DB-4A56-AEF7-4CFACCEE0948}.BuildPFCFxCop|Any CPU.ActiveCfg = Release|Any CPU
		{5107107F-25DB-4A56-AEF7-4CFACCEE0948}.BuildPFCFxCop|Any CPU.Build.0 = Release|Any CPU
		{5107107F-25DB-4A56-AEF7-4CFACCEE0948}.Debug|Any CPU.ActiveCfg = Debug|Any CPU
		{5107107F-25DB-4A56-AEF7-4CFACCEE0948}.Debug|Any CPU.Build.0 = Debug|Any CPU
		{5107107F-25DB-4A56-AEF7-4CFACCEE0948}.Release|Any CPU.ActiveCfg = Release|Any CPU
		{5107107F-25DB-4A56-AEF7-4CFACCEE0948}.Release|Any CPU.Build.0 = Release|Any CPU
		{DA3C94B7-2BD6-420B-9252-3A4B7FC4A434}.BuildPFC|Any CPU.ActiveCfg = Release|Any CPU
		{DA3C94B7-2BD6-420B-9252-3A4B7FC4A434}.BuildPFC|Any CPU.Build.0 = Release|Any CPU
		{DA3C94B7-2BD6-420B-9252-3A4B7FC4A434}.BuildPFCFxCop|Any CPU.ActiveCfg = Release|Any CPU
		{DA3C94B7-2BD6-420B-9252-3A4B7FC4A434}.BuildPFCFxCop|Any CPU.Build.0 = Release|Any CPU
		{DA3C94B7-2BD6-420B-9252-3A4B7FC4A434}.Debug|Any CPU.ActiveCfg = Debug|Any CPU
		{DA3C94B7-2BD6-420B-9252-3A4B7FC4A434}.Debug|Any CPU.Build.0 = Debug|Any CPU
		{DA3C94B7-2BD6-420B-9252-3A4B7FC4A434}.Release|Any CPU.ActiveCfg = Release|Any CPU
		{DA3C94B7-2BD6-420B-9252-3A4B7FC4A434}.Release|Any CPU.Build.0 = Release|Any CPU
		{C57DDE1D-E066-4E6F-93BF-9B35E65B61E3}.BuildPFC|Any CPU.ActiveCfg = Release|Any CPU
		{C57DDE1D-E066-4E6F-93BF-9B35E65B61E3}.BuildPFC|Any CPU.Build.0 = Release|Any CPU
		{C57DDE1D-E066-4E6F-93BF-9B35E65B61E3}.BuildPFCFxCop|Any CPU.ActiveCfg = Release|Any CPU
		{C57DDE1D-E066-4E6F-93BF-9B35E65B61E3}.BuildPFCFxCop|Any CPU.Build.0 = Release|Any CPU
		{C57DDE1D-E066-4E6F-93BF-9B35E65B61E3}.Debug|Any CPU.ActiveCfg = Debug|Any CPU
		{C57DDE1D-E066-4E6F-93BF-9B35E65B61E3}.Debug|Any CPU.Build.0 = Debug|Any CPU
		{C57DDE1D-E066-4E6F-93BF-9B35E65B61E3}.Release|Any CPU.ActiveCfg = Release|Any CPU
		{C57DDE1D-E066-4E6F-93BF-9B35E65B61E3}.Release|Any CPU.Build.0 = Release|Any CPU
		{5F87A258-9B23-40DB-BF26-63171A523D0D}.BuildPFC|Any CPU.ActiveCfg = Release|Any CPU
		{5F87A258-9B23-40DB-BF26-63171A523D0D}.BuildPFC|Any CPU.Build.0 = Release|Any CPU
		{5F87A258-9B23-40DB-BF26-63171A523D0D}.BuildPFCFxCop|Any CPU.ActiveCfg = Release|Any CPU
		{5F87A258-9B23-40DB-BF26-63171A523D0D}.BuildPFCFxCop|Any CPU.Build.0 = Release|Any CPU
		{5F87A258-9B23-40DB-BF26-63171A523D0D}.Debug|Any CPU.ActiveCfg = Debug|Any CPU
		{5F87A258-9B23-40DB-BF26-63171A523D0D}.Debug|Any CPU.Build.0 = Debug|Any CPU
		{5F87A258-9B23-40DB-BF26-63171A523D0D}.Release|Any CPU.ActiveCfg = Release|Any CPU
		{5F87A258-9B23-40DB-BF26-63171A523D0D}.Release|Any CPU.Build.0 = Release|Any CPU
		{A523508C-EAEE-452F-B744-E9E383306FEA}.BuildPFC|Any CPU.ActiveCfg = Release|Any CPU
		{A523508C-EAEE-452F-B744-E9E383306FEA}.BuildPFC|Any CPU.Build.0 = Release|Any CPU
		{A523508C-EAEE-452F-B744-E9E383306FEA}.BuildPFCFxCop|Any CPU.ActiveCfg = Release|Any CPU
		{A523508C-EAEE-452F-B744-E9E383306FEA}.BuildPFCFxCop|Any CPU.Build.0 = Release|Any CPU
		{A523508C-EAEE-452F-B744-E9E383306FEA}.Debug|Any CPU.ActiveCfg = Debug|Any CPU
		{A523508C-EAEE-452F-B744-E9E383306FEA}.Debug|Any CPU.Build.0 = Debug|Any CPU
		{A523508C-EAEE-452F-B744-E9E383306FEA}.Release|Any CPU.ActiveCfg = Release|Any CPU
		{A523508C-EAEE-452F-B744-E9E383306FEA}.Release|Any CPU.Build.0 = Release|Any CPU
		{8C87CF0D-7E6A-402D-AF1D-16F381A6CD45}.BuildPFC|Any CPU.ActiveCfg = Release|Any CPU
		{8C87CF0D-7E6A-402D-AF1D-16F381A6CD45}.BuildPFC|Any CPU.Build.0 = Release|Any CPU
		{8C87CF0D-7E6A-402D-AF1D-16F381A6CD45}.BuildPFCFxCop|Any CPU.ActiveCfg = Release|Any CPU
		{8C87CF0D-7E6A-402D-AF1D-16F381A6CD45}.BuildPFCFxCop|Any CPU.Build.0 = Release|Any CPU
		{8C87CF0D-7E6A-402D-AF1D-16F381A6CD45}.Debug|Any CPU.ActiveCfg = Debug|Any CPU
		{8C87CF0D-7E6A-402D-AF1D-16F381A6CD45}.Debug|Any CPU.Build.0 = Debug|Any CPU
		{8C87CF0D-7E6A-402D-AF1D-16F381A6CD45}.Release|Any CPU.ActiveCfg = Release|Any CPU
		{8C87CF0D-7E6A-402D-AF1D-16F381A6CD45}.Release|Any CPU.Build.0 = Release|Any CPU
		{377F8007-D1F5-4C24-AD05-087611439A77}.BuildPFC|Any CPU.ActiveCfg = Release|Any CPU
		{377F8007-D1F5-4C24-AD05-087611439A77}.BuildPFC|Any CPU.Build.0 = Release|Any CPU
		{377F8007-D1F5-4C24-AD05-087611439A77}.BuildPFCFxCop|Any CPU.ActiveCfg = Release|Any CPU
		{377F8007-D1F5-4C24-AD05-087611439A77}.BuildPFCFxCop|Any CPU.Build.0 = Release|Any CPU
		{377F8007-D1F5-4C24-AD05-087611439A77}.Debug|Any CPU.ActiveCfg = Debug|Any CPU
		{377F8007-D1F5-4C24-AD05-087611439A77}.Debug|Any CPU.Build.0 = Debug|Any CPU
		{377F8007-D1F5-4C24-AD05-087611439A77}.Release|Any CPU.ActiveCfg = Release|Any CPU
		{377F8007-D1F5-4C24-AD05-087611439A77}.Release|Any CPU.Build.0 = Release|Any CPU
		{09A7E7F0-2AF7-41C0-A6C3-E9BA8730928E}.BuildPFC|Any CPU.ActiveCfg = Release|Any CPU
		{09A7E7F0-2AF7-41C0-A6C3-E9BA8730928E}.BuildPFC|Any CPU.Build.0 = Release|Any CPU
		{09A7E7F0-2AF7-41C0-A6C3-E9BA8730928E}.BuildPFCFxCop|Any CPU.ActiveCfg = Release|Any CPU
		{09A7E7F0-2AF7-41C0-A6C3-E9BA8730928E}.BuildPFCFxCop|Any CPU.Build.0 = Release|Any CPU
		{09A7E7F0-2AF7-41C0-A6C3-E9BA8730928E}.Debug|Any CPU.ActiveCfg = Debug|Any CPU
		{09A7E7F0-2AF7-41C0-A6C3-E9BA8730928E}.Debug|Any CPU.Build.0 = Debug|Any CPU
		{09A7E7F0-2AF7-41C0-A6C3-E9BA8730928E}.Release|Any CPU.ActiveCfg = Release|Any CPU
		{09A7E7F0-2AF7-41C0-A6C3-E9BA8730928E}.Release|Any CPU.Build.0 = Release|Any CPU
		{0808C182-8182-411D-A9D0-D77213614299}.BuildPFC|Any CPU.ActiveCfg = Release|Any CPU
		{0808C182-8182-411D-A9D0-D77213614299}.BuildPFC|Any CPU.Build.0 = Release|Any CPU
		{0808C182-8182-411D-A9D0-D77213614299}.BuildPFCFxCop|Any CPU.ActiveCfg = Release|Any CPU
		{0808C182-8182-411D-A9D0-D77213614299}.BuildPFCFxCop|Any CPU.Build.0 = Release|Any CPU
		{0808C182-8182-411D-A9D0-D77213614299}.Debug|Any CPU.ActiveCfg = Debug|Any CPU
		{0808C182-8182-411D-A9D0-D77213614299}.Debug|Any CPU.Build.0 = Debug|Any CPU
		{0808C182-8182-411D-A9D0-D77213614299}.Release|Any CPU.ActiveCfg = Release|Any CPU
		{0808C182-8182-411D-A9D0-D77213614299}.Release|Any CPU.Build.0 = Release|Any CPU
		{8C4D9687-F926-43D5-8B00-C7BFAF5F878E}.BuildPFC|Any CPU.ActiveCfg = Release|Any CPU
		{8C4D9687-F926-43D5-8B00-C7BFAF5F878E}.BuildPFC|Any CPU.Build.0 = Release|Any CPU
		{8C4D9687-F926-43D5-8B00-C7BFAF5F878E}.BuildPFCFxCop|Any CPU.ActiveCfg = Release|Any CPU
		{8C4D9687-F926-43D5-8B00-C7BFAF5F878E}.BuildPFCFxCop|Any CPU.Build.0 = Release|Any CPU
		{8C4D9687-F926-43D5-8B00-C7BFAF5F878E}.Debug|Any CPU.ActiveCfg = Debug|Any CPU
		{8C4D9687-F926-43D5-8B00-C7BFAF5F878E}.Debug|Any CPU.Build.0 = Debug|Any CPU
		{8C4D9687-F926-43D5-8B00-C7BFAF5F878E}.Release|Any CPU.ActiveCfg = Release|Any CPU
		{8C4D9687-F926-43D5-8B00-C7BFAF5F878E}.Release|Any CPU.Build.0 = Release|Any CPU
		{40203BFA-EC23-4FF6-A64F-68AB51E26A31}.BuildPFC|Any CPU.ActiveCfg = Release|Any CPU
		{40203BFA-EC23-4FF6-A64F-68AB51E26A31}.BuildPFC|Any CPU.Build.0 = Release|Any CPU
		{40203BFA-EC23-4FF6-A64F-68AB51E26A31}.BuildPFCFxCop|Any CPU.ActiveCfg = Release|Any CPU
		{40203BFA-EC23-4FF6-A64F-68AB51E26A31}.BuildPFCFxCop|Any CPU.Build.0 = Release|Any CPU
		{40203BFA-EC23-4FF6-A64F-68AB51E26A31}.Debug|Any CPU.ActiveCfg = Debug|Any CPU
		{40203BFA-EC23-4FF6-A64F-68AB51E26A31}.Debug|Any CPU.Build.0 = Debug|Any CPU
		{40203BFA-EC23-4FF6-A64F-68AB51E26A31}.Release|Any CPU.ActiveCfg = Release|Any CPU
		{40203BFA-EC23-4FF6-A64F-68AB51E26A31}.Release|Any CPU.Build.0 = Release|Any CPU
		{6FE7433F-6896-4109-B80A-86B3BC05C4BD}.BuildPFC|Any CPU.ActiveCfg = Release|Any CPU
		{6FE7433F-6896-4109-B80A-86B3BC05C4BD}.BuildPFC|Any CPU.Build.0 = Release|Any CPU
		{6FE7433F-6896-4109-B80A-86B3BC05C4BD}.BuildPFCFxCop|Any CPU.ActiveCfg = Release|Any CPU
		{6FE7433F-6896-4109-B80A-86B3BC05C4BD}.BuildPFCFxCop|Any CPU.Build.0 = Release|Any CPU
		{6FE7433F-6896-4109-B80A-86B3BC05C4BD}.Debug|Any CPU.ActiveCfg = Debug|Any CPU
		{6FE7433F-6896-4109-B80A-86B3BC05C4BD}.Debug|Any CPU.Build.0 = Debug|Any CPU
		{6FE7433F-6896-4109-B80A-86B3BC05C4BD}.Release|Any CPU.ActiveCfg = Release|Any CPU
		{6FE7433F-6896-4109-B80A-86B3BC05C4BD}.Release|Any CPU.Build.0 = Release|Any CPU
		{8EC21447-027A-49F4-B327-AC6CB65AEE9C}.BuildPFC|Any CPU.ActiveCfg = Release|Any CPU
		{8EC21447-027A-49F4-B327-AC6CB65AEE9C}.BuildPFC|Any CPU.Build.0 = Release|Any CPU
		{8EC21447-027A-49F4-B327-AC6CB65AEE9C}.BuildPFCFxCop|Any CPU.ActiveCfg = Release|Any CPU
		{8EC21447-027A-49F4-B327-AC6CB65AEE9C}.BuildPFCFxCop|Any CPU.Build.0 = Release|Any CPU
		{8EC21447-027A-49F4-B327-AC6CB65AEE9C}.Debug|Any CPU.ActiveCfg = Debug|Any CPU
		{8EC21447-027A-49F4-B327-AC6CB65AEE9C}.Debug|Any CPU.Build.0 = Debug|Any CPU
		{8EC21447-027A-49F4-B327-AC6CB65AEE9C}.Release|Any CPU.ActiveCfg = Release|Any CPU
		{8EC21447-027A-49F4-B327-AC6CB65AEE9C}.Release|Any CPU.Build.0 = Release|Any CPU
		{5071A2D9-7FAB-438F-A8EB-FD3B220FD5E0}.BuildPFC|Any CPU.ActiveCfg = Release|Any CPU
		{5071A2D9-7FAB-438F-A8EB-FD3B220FD5E0}.BuildPFC|Any CPU.Build.0 = Release|Any CPU
		{5071A2D9-7FAB-438F-A8EB-FD3B220FD5E0}.BuildPFCFxCop|Any CPU.ActiveCfg = Release|Any CPU
		{5071A2D9-7FAB-438F-A8EB-FD3B220FD5E0}.BuildPFCFxCop|Any CPU.Build.0 = Release|Any CPU
		{5071A2D9-7FAB-438F-A8EB-FD3B220FD5E0}.Debug|Any CPU.ActiveCfg = Debug|Any CPU
		{5071A2D9-7FAB-438F-A8EB-FD3B220FD5E0}.Debug|Any CPU.Build.0 = Debug|Any CPU
		{5071A2D9-7FAB-438F-A8EB-FD3B220FD5E0}.Release|Any CPU.ActiveCfg = Release|Any CPU
		{5071A2D9-7FAB-438F-A8EB-FD3B220FD5E0}.Release|Any CPU.Build.0 = Release|Any CPU
		{B98D162E-9AE8-4769-940F-167FF96F770A}.BuildPFC|Any CPU.ActiveCfg = Release|Any CPU
		{B98D162E-9AE8-4769-940F-167FF96F770A}.BuildPFC|Any CPU.Build.0 = Release|Any CPU
		{B98D162E-9AE8-4769-940F-167FF96F770A}.BuildPFCFxCop|Any CPU.ActiveCfg = Release|Any CPU
		{B98D162E-9AE8-4769-940F-167FF96F770A}.BuildPFCFxCop|Any CPU.Build.0 = Release|Any CPU
		{B98D162E-9AE8-4769-940F-167FF96F770A}.Debug|Any CPU.ActiveCfg = Debug|Any CPU
		{B98D162E-9AE8-4769-940F-167FF96F770A}.Debug|Any CPU.Build.0 = Debug|Any CPU
		{B98D162E-9AE8-4769-940F-167FF96F770A}.Release|Any CPU.ActiveCfg = Release|Any CPU
		{B98D162E-9AE8-4769-940F-167FF96F770A}.Release|Any CPU.Build.0 = Release|Any CPU
		{3E576822-BEB8-4563-A233-4B2CDC9BF276}.BuildPFC|Any CPU.ActiveCfg = Release|Any CPU
		{3E576822-BEB8-4563-A233-4B2CDC9BF276}.BuildPFC|Any CPU.Build.0 = Release|Any CPU
		{3E576822-BEB8-4563-A233-4B2CDC9BF276}.BuildPFCFxCop|Any CPU.ActiveCfg = Release|Any CPU
		{3E576822-BEB8-4563-A233-4B2CDC9BF276}.BuildPFCFxCop|Any CPU.Build.0 = Release|Any CPU
		{3E576822-BEB8-4563-A233-4B2CDC9BF276}.Debug|Any CPU.ActiveCfg = Debug|Any CPU
		{3E576822-BEB8-4563-A233-4B2CDC9BF276}.Debug|Any CPU.Build.0 = Debug|Any CPU
		{3E576822-BEB8-4563-A233-4B2CDC9BF276}.Release|Any CPU.ActiveCfg = Release|Any CPU
		{3E576822-BEB8-4563-A233-4B2CDC9BF276}.Release|Any CPU.Build.0 = Release|Any CPU
		{09226800-A814-435F-AF49-D663E2F8BC33}.BuildPFC|Any CPU.ActiveCfg = Release|Any CPU
		{09226800-A814-435F-AF49-D663E2F8BC33}.BuildPFC|Any CPU.Build.0 = Release|Any CPU
		{09226800-A814-435F-AF49-D663E2F8BC33}.BuildPFCFxCop|Any CPU.ActiveCfg = Release|Any CPU
		{09226800-A814-435F-AF49-D663E2F8BC33}.BuildPFCFxCop|Any CPU.Build.0 = Release|Any CPU
		{09226800-A814-435F-AF49-D663E2F8BC33}.Debug|Any CPU.ActiveCfg = Debug|Any CPU
		{09226800-A814-435F-AF49-D663E2F8BC33}.Debug|Any CPU.Build.0 = Debug|Any CPU
		{09226800-A814-435F-AF49-D663E2F8BC33}.Release|Any CPU.ActiveCfg = Release|Any CPU
		{09226800-A814-435F-AF49-D663E2F8BC33}.Release|Any CPU.Build.0 = Release|Any CPU
		{ADBB886F-8E5B-4DC6-A122-147952D44711}.BuildPFC|Any CPU.ActiveCfg = Release|Any CPU
		{ADBB886F-8E5B-4DC6-A122-147952D44711}.BuildPFC|Any CPU.Build.0 = Release|Any CPU
		{ADBB886F-8E5B-4DC6-A122-147952D44711}.BuildPFCFxCop|Any CPU.ActiveCfg = Release|Any CPU
		{ADBB886F-8E5B-4DC6-A122-147952D44711}.BuildPFCFxCop|Any CPU.Build.0 = Release|Any CPU
		{ADBB886F-8E5B-4DC6-A122-147952D44711}.Debug|Any CPU.ActiveCfg = Debug|Any CPU
		{ADBB886F-8E5B-4DC6-A122-147952D44711}.Debug|Any CPU.Build.0 = Debug|Any CPU
		{ADBB886F-8E5B-4DC6-A122-147952D44711}.Release|Any CPU.ActiveCfg = Release|Any CPU
		{ADBB886F-8E5B-4DC6-A122-147952D44711}.Release|Any CPU.Build.0 = Release|Any CPU
		{08CFA882-8925-4787-82B7-05D13DC58D42}.BuildPFC|Any CPU.ActiveCfg = Release|Any CPU
		{08CFA882-8925-4787-82B7-05D13DC58D42}.BuildPFC|Any CPU.Build.0 = Release|Any CPU
		{08CFA882-8925-4787-82B7-05D13DC58D42}.BuildPFCFxCop|Any CPU.ActiveCfg = Release|Any CPU
		{08CFA882-8925-4787-82B7-05D13DC58D42}.BuildPFCFxCop|Any CPU.Build.0 = Release|Any CPU
		{08CFA882-8925-4787-82B7-05D13DC58D42}.Debug|Any CPU.ActiveCfg = Debug|Any CPU
		{08CFA882-8925-4787-82B7-05D13DC58D42}.Debug|Any CPU.Build.0 = Debug|Any CPU
		{08CFA882-8925-4787-82B7-05D13DC58D42}.Release|Any CPU.ActiveCfg = Release|Any CPU
		{08CFA882-8925-4787-82B7-05D13DC58D42}.Release|Any CPU.Build.0 = Release|Any CPU
		{B54E98FF-40AB-4DF1-BA0E-3EB5F9C722F1}.BuildPFC|Any CPU.ActiveCfg = Release|Any CPU
		{B54E98FF-40AB-4DF1-BA0E-3EB5F9C722F1}.BuildPFC|Any CPU.Build.0 = Release|Any CPU
		{B54E98FF-40AB-4DF1-BA0E-3EB5F9C722F1}.BuildPFCFxCop|Any CPU.ActiveCfg = Release|Any CPU
		{B54E98FF-40AB-4DF1-BA0E-3EB5F9C722F1}.BuildPFCFxCop|Any CPU.Build.0 = Release|Any CPU
		{B54E98FF-40AB-4DF1-BA0E-3EB5F9C722F1}.Debug|Any CPU.ActiveCfg = Debug|Any CPU
		{B54E98FF-40AB-4DF1-BA0E-3EB5F9C722F1}.Debug|Any CPU.Build.0 = Debug|Any CPU
		{B54E98FF-40AB-4DF1-BA0E-3EB5F9C722F1}.Release|Any CPU.ActiveCfg = Release|Any CPU
		{B54E98FF-40AB-4DF1-BA0E-3EB5F9C722F1}.Release|Any CPU.Build.0 = Release|Any CPU
		{6CB3899E-EDB2-4A77-8D6A-95CB2E302F83}.BuildPFC|Any CPU.ActiveCfg = Release|Any CPU
		{6CB3899E-EDB2-4A77-8D6A-95CB2E302F83}.BuildPFC|Any CPU.Build.0 = Release|Any CPU
		{6CB3899E-EDB2-4A77-8D6A-95CB2E302F83}.BuildPFCFxCop|Any CPU.ActiveCfg = Release|Any CPU
		{6CB3899E-EDB2-4A77-8D6A-95CB2E302F83}.BuildPFCFxCop|Any CPU.Build.0 = Release|Any CPU
		{6CB3899E-EDB2-4A77-8D6A-95CB2E302F83}.Debug|Any CPU.ActiveCfg = Debug|Any CPU
		{6CB3899E-EDB2-4A77-8D6A-95CB2E302F83}.Debug|Any CPU.Build.0 = Debug|Any CPU
		{6CB3899E-EDB2-4A77-8D6A-95CB2E302F83}.Release|Any CPU.ActiveCfg = Release|Any CPU
		{6CB3899E-EDB2-4A77-8D6A-95CB2E302F83}.Release|Any CPU.Build.0 = Release|Any CPU
		{9F4C6A08-44DB-4471-9F33-F457F4AE0F84}.BuildPFC|Any CPU.ActiveCfg = Release|Any CPU
		{9F4C6A08-44DB-4471-9F33-F457F4AE0F84}.BuildPFC|Any CPU.Build.0 = Release|Any CPU
		{9F4C6A08-44DB-4471-9F33-F457F4AE0F84}.BuildPFCFxCop|Any CPU.ActiveCfg = Release|Any CPU
		{9F4C6A08-44DB-4471-9F33-F457F4AE0F84}.BuildPFCFxCop|Any CPU.Build.0 = Release|Any CPU
		{9F4C6A08-44DB-4471-9F33-F457F4AE0F84}.Debug|Any CPU.ActiveCfg = Debug|Any CPU
		{9F4C6A08-44DB-4471-9F33-F457F4AE0F84}.Debug|Any CPU.Build.0 = Debug|Any CPU
		{9F4C6A08-44DB-4471-9F33-F457F4AE0F84}.Release|Any CPU.ActiveCfg = Release|Any CPU
		{9F4C6A08-44DB-4471-9F33-F457F4AE0F84}.Release|Any CPU.Build.0 = Release|Any CPU
		{98313ADC-6B42-4F37-825F-315853D63785}.BuildPFC|Any CPU.ActiveCfg = Release|Any CPU
		{98313ADC-6B42-4F37-825F-315853D63785}.BuildPFC|Any CPU.Build.0 = Release|Any CPU
		{98313ADC-6B42-4F37-825F-315853D63785}.BuildPFCFxCop|Any CPU.ActiveCfg = Release|Any CPU
		{98313ADC-6B42-4F37-825F-315853D63785}.BuildPFCFxCop|Any CPU.Build.0 = Release|Any CPU
		{98313ADC-6B42-4F37-825F-315853D63785}.Debug|Any CPU.ActiveCfg = Debug|Any CPU
		{98313ADC-6B42-4F37-825F-315853D63785}.Debug|Any CPU.Build.0 = Debug|Any CPU
		{98313ADC-6B42-4F37-825F-315853D63785}.Release|Any CPU.ActiveCfg = Release|Any CPU
		{98313ADC-6B42-4F37-825F-315853D63785}.Release|Any CPU.Build.0 = Release|Any CPU
		{10B59821-E040-4F03-9331-04207E992C1D}.BuildPFC|Any CPU.ActiveCfg = Release|Any CPU
		{10B59821-E040-4F03-9331-04207E992C1D}.BuildPFC|Any CPU.Build.0 = Release|Any CPU
		{10B59821-E040-4F03-9331-04207E992C1D}.BuildPFCFxCop|Any CPU.ActiveCfg = Release|Any CPU
		{10B59821-E040-4F03-9331-04207E992C1D}.BuildPFCFxCop|Any CPU.Build.0 = Release|Any CPU
		{10B59821-E040-4F03-9331-04207E992C1D}.Debug|Any CPU.ActiveCfg = Debug|Any CPU
		{10B59821-E040-4F03-9331-04207E992C1D}.Debug|Any CPU.Build.0 = Debug|Any CPU
		{10B59821-E040-4F03-9331-04207E992C1D}.Release|Any CPU.ActiveCfg = Release|Any CPU
		{10B59821-E040-4F03-9331-04207E992C1D}.Release|Any CPU.Build.0 = Release|Any CPU
		{6F7F3333-00BB-4846-81D1-D8B2E7A5F121}.BuildPFC|Any CPU.ActiveCfg = Release|Any CPU
		{6F7F3333-00BB-4846-81D1-D8B2E7A5F121}.BuildPFC|Any CPU.Build.0 = Release|Any CPU
		{6F7F3333-00BB-4846-81D1-D8B2E7A5F121}.BuildPFCFxCop|Any CPU.ActiveCfg = Release|Any CPU
		{6F7F3333-00BB-4846-81D1-D8B2E7A5F121}.BuildPFCFxCop|Any CPU.Build.0 = Release|Any CPU
		{6F7F3333-00BB-4846-81D1-D8B2E7A5F121}.Debug|Any CPU.ActiveCfg = Debug|Any CPU
		{6F7F3333-00BB-4846-81D1-D8B2E7A5F121}.Debug|Any CPU.Build.0 = Debug|Any CPU
		{6F7F3333-00BB-4846-81D1-D8B2E7A5F121}.Release|Any CPU.ActiveCfg = Release|Any CPU
		{6F7F3333-00BB-4846-81D1-D8B2E7A5F121}.Release|Any CPU.Build.0 = Release|Any CPU
		{F25B449F-ADB9-4877-9F2A-C360DDDC29FF}.BuildPFC|Any CPU.ActiveCfg = Release|Any CPU
		{F25B449F-ADB9-4877-9F2A-C360DDDC29FF}.BuildPFC|Any CPU.Build.0 = Release|Any CPU
		{F25B449F-ADB9-4877-9F2A-C360DDDC29FF}.BuildPFCFxCop|Any CPU.ActiveCfg = Release|Any CPU
		{F25B449F-ADB9-4877-9F2A-C360DDDC29FF}.BuildPFCFxCop|Any CPU.Build.0 = Release|Any CPU
		{F25B449F-ADB9-4877-9F2A-C360DDDC29FF}.Debug|Any CPU.ActiveCfg = Debug|Any CPU
		{F25B449F-ADB9-4877-9F2A-C360DDDC29FF}.Debug|Any CPU.Build.0 = Debug|Any CPU
		{F25B449F-ADB9-4877-9F2A-C360DDDC29FF}.Release|Any CPU.ActiveCfg = Release|Any CPU
		{F25B449F-ADB9-4877-9F2A-C360DDDC29FF}.Release|Any CPU.Build.0 = Release|Any CPU
		{05EBCF8A-95BB-444F-8DA2-14263A3110CB}.BuildPFC|Any CPU.ActiveCfg = Release|Any CPU
		{05EBCF8A-95BB-444F-8DA2-14263A3110CB}.BuildPFC|Any CPU.Build.0 = Release|Any CPU
		{05EBCF8A-95BB-444F-8DA2-14263A3110CB}.BuildPFCFxCop|Any CPU.ActiveCfg = Release|Any CPU
		{05EBCF8A-95BB-444F-8DA2-14263A3110CB}.BuildPFCFxCop|Any CPU.Build.0 = Release|Any CPU
		{05EBCF8A-95BB-444F-8DA2-14263A3110CB}.Debug|Any CPU.ActiveCfg = Debug|Any CPU
		{05EBCF8A-95BB-444F-8DA2-14263A3110CB}.Debug|Any CPU.Build.0 = Debug|Any CPU
		{05EBCF8A-95BB-444F-8DA2-14263A3110CB}.Release|Any CPU.ActiveCfg = Release|Any CPU
		{05EBCF8A-95BB-444F-8DA2-14263A3110CB}.Release|Any CPU.Build.0 = Release|Any CPU
		{E5015261-C4DC-4F63-887E-8E155F4ECC0B}.BuildPFC|Any CPU.ActiveCfg = Release|Any CPU
		{E5015261-C4DC-4F63-887E-8E155F4ECC0B}.BuildPFC|Any CPU.Build.0 = Release|Any CPU
		{E5015261-C4DC-4F63-887E-8E155F4ECC0B}.BuildPFCFxCop|Any CPU.ActiveCfg = Release|Any CPU
		{E5015261-C4DC-4F63-887E-8E155F4ECC0B}.BuildPFCFxCop|Any CPU.Build.0 = Release|Any CPU
		{E5015261-C4DC-4F63-887E-8E155F4ECC0B}.Debug|Any CPU.ActiveCfg = Debug|Any CPU
		{E5015261-C4DC-4F63-887E-8E155F4ECC0B}.Debug|Any CPU.Build.0 = Debug|Any CPU
		{E5015261-C4DC-4F63-887E-8E155F4ECC0B}.Release|Any CPU.ActiveCfg = Release|Any CPU
		{E5015261-C4DC-4F63-887E-8E155F4ECC0B}.Release|Any CPU.Build.0 = Release|Any CPU
		{55FA1D25-BB38-422B-82DE-5600A9D52345}.BuildPFC|Any CPU.ActiveCfg = Release|Any CPU
		{55FA1D25-BB38-422B-82DE-5600A9D52345}.BuildPFC|Any CPU.Build.0 = Release|Any CPU
		{55FA1D25-BB38-422B-82DE-5600A9D52345}.BuildPFCFxCop|Any CPU.ActiveCfg = Release|Any CPU
		{55FA1D25-BB38-422B-82DE-5600A9D52345}.BuildPFCFxCop|Any CPU.Build.0 = Release|Any CPU
		{55FA1D25-BB38-422B-82DE-5600A9D52345}.Debug|Any CPU.ActiveCfg = Debug|Any CPU
		{55FA1D25-BB38-422B-82DE-5600A9D52345}.Debug|Any CPU.Build.0 = Debug|Any CPU
		{55FA1D25-BB38-422B-82DE-5600A9D52345}.Release|Any CPU.ActiveCfg = Release|Any CPU
		{55FA1D25-BB38-422B-82DE-5600A9D52345}.Release|Any CPU.Build.0 = Release|Any CPU
		{CFA10490-9ECE-4144-9BB3-BD268F77F6B0}.BuildPFC|Any CPU.ActiveCfg = Release|Any CPU
		{CFA10490-9ECE-4144-9BB3-BD268F77F6B0}.BuildPFC|Any CPU.Build.0 = Release|Any CPU
		{CFA10490-9ECE-4144-9BB3-BD268F77F6B0}.BuildPFCFxCop|Any CPU.ActiveCfg = Release|Any CPU
		{CFA10490-9ECE-4144-9BB3-BD268F77F6B0}.BuildPFCFxCop|Any CPU.Build.0 = Release|Any CPU
		{CFA10490-9ECE-4144-9BB3-BD268F77F6B0}.Debug|Any CPU.ActiveCfg = Debug|Any CPU
		{CFA10490-9ECE-4144-9BB3-BD268F77F6B0}.Debug|Any CPU.Build.0 = Debug|Any CPU
		{CFA10490-9ECE-4144-9BB3-BD268F77F6B0}.Release|Any CPU.ActiveCfg = Release|Any CPU
		{CFA10490-9ECE-4144-9BB3-BD268F77F6B0}.Release|Any CPU.Build.0 = Release|Any CPU
		{AA6C6569-A912-472A-8CE4-F24549094C4A}.BuildPFC|Any CPU.ActiveCfg = Release|Any CPU
		{AA6C6569-A912-472A-8CE4-F24549094C4A}.BuildPFC|Any CPU.Build.0 = Release|Any CPU
		{AA6C6569-A912-472A-8CE4-F24549094C4A}.BuildPFCFxCop|Any CPU.ActiveCfg = Release|Any CPU
		{AA6C6569-A912-472A-8CE4-F24549094C4A}.BuildPFCFxCop|Any CPU.Build.0 = Release|Any CPU
		{AA6C6569-A912-472A-8CE4-F24549094C4A}.Debug|Any CPU.ActiveCfg = Debug|Any CPU
		{AA6C6569-A912-472A-8CE4-F24549094C4A}.Debug|Any CPU.Build.0 = Debug|Any CPU
		{AA6C6569-A912-472A-8CE4-F24549094C4A}.Release|Any CPU.ActiveCfg = Release|Any CPU
		{AA6C6569-A912-472A-8CE4-F24549094C4A}.Release|Any CPU.Build.0 = Release|Any CPU
		{DADB05AD-B016-4218-BFD9-69FB552FF15F}.BuildPFC|Any CPU.ActiveCfg = Release|Any CPU
		{DADB05AD-B016-4218-BFD9-69FB552FF15F}.BuildPFC|Any CPU.Build.0 = Release|Any CPU
		{DADB05AD-B016-4218-BFD9-69FB552FF15F}.BuildPFCFxCop|Any CPU.ActiveCfg = Release|Any CPU
		{DADB05AD-B016-4218-BFD9-69FB552FF15F}.BuildPFCFxCop|Any CPU.Build.0 = Release|Any CPU
		{DADB05AD-B016-4218-BFD9-69FB552FF15F}.Debug|Any CPU.ActiveCfg = Debug|Any CPU
		{DADB05AD-B016-4218-BFD9-69FB552FF15F}.Debug|Any CPU.Build.0 = Debug|Any CPU
		{DADB05AD-B016-4218-BFD9-69FB552FF15F}.Release|Any CPU.ActiveCfg = Release|Any CPU
		{DADB05AD-B016-4218-BFD9-69FB552FF15F}.Release|Any CPU.Build.0 = Release|Any CPU
		{47019DD3-8E90-4AF7-8B46-AE16BFE07DA3}.BuildPFC|Any CPU.ActiveCfg = Release|Any CPU
		{47019DD3-8E90-4AF7-8B46-AE16BFE07DA3}.BuildPFC|Any CPU.Build.0 = Release|Any CPU
		{47019DD3-8E90-4AF7-8B46-AE16BFE07DA3}.BuildPFCFxCop|Any CPU.ActiveCfg = Release|Any CPU
		{47019DD3-8E90-4AF7-8B46-AE16BFE07DA3}.BuildPFCFxCop|Any CPU.Build.0 = Release|Any CPU
		{47019DD3-8E90-4AF7-8B46-AE16BFE07DA3}.Debug|Any CPU.ActiveCfg = Debug|Any CPU
		{47019DD3-8E90-4AF7-8B46-AE16BFE07DA3}.Debug|Any CPU.Build.0 = Debug|Any CPU
		{47019DD3-8E90-4AF7-8B46-AE16BFE07DA3}.Release|Any CPU.ActiveCfg = Release|Any CPU
		{47019DD3-8E90-4AF7-8B46-AE16BFE07DA3}.Release|Any CPU.Build.0 = Release|Any CPU
		{C850EC14-080A-432D-ADA2-5F1413C308DF}.BuildPFC|Any CPU.ActiveCfg = Release|Any CPU
		{C850EC14-080A-432D-ADA2-5F1413C308DF}.BuildPFC|Any CPU.Build.0 = Release|Any CPU
		{C850EC14-080A-432D-ADA2-5F1413C308DF}.BuildPFCFxCop|Any CPU.ActiveCfg = Release|Any CPU
		{C850EC14-080A-432D-ADA2-5F1413C308DF}.BuildPFCFxCop|Any CPU.Build.0 = Release|Any CPU
		{C850EC14-080A-432D-ADA2-5F1413C308DF}.Debug|Any CPU.ActiveCfg = Debug|Any CPU
		{C850EC14-080A-432D-ADA2-5F1413C308DF}.Debug|Any CPU.Build.0 = Debug|Any CPU
		{C850EC14-080A-432D-ADA2-5F1413C308DF}.Release|Any CPU.ActiveCfg = Release|Any CPU
		{C850EC14-080A-432D-ADA2-5F1413C308DF}.Release|Any CPU.Build.0 = Release|Any CPU
		{22F17318-4BC7-4C1E-9B0C-D3769BF05E5C}.BuildPFC|Any CPU.ActiveCfg = Release|Any CPU
		{22F17318-4BC7-4C1E-9B0C-D3769BF05E5C}.BuildPFC|Any CPU.Build.0 = Release|Any CPU
		{22F17318-4BC7-4C1E-9B0C-D3769BF05E5C}.BuildPFCFxCop|Any CPU.ActiveCfg = Release|Any CPU
		{22F17318-4BC7-4C1E-9B0C-D3769BF05E5C}.BuildPFCFxCop|Any CPU.Build.0 = Release|Any CPU
		{22F17318-4BC7-4C1E-9B0C-D3769BF05E5C}.Debug|Any CPU.ActiveCfg = Debug|Any CPU
		{22F17318-4BC7-4C1E-9B0C-D3769BF05E5C}.Debug|Any CPU.Build.0 = Debug|Any CPU
		{22F17318-4BC7-4C1E-9B0C-D3769BF05E5C}.Release|Any CPU.ActiveCfg = Release|Any CPU
		{22F17318-4BC7-4C1E-9B0C-D3769BF05E5C}.Release|Any CPU.Build.0 = Release|Any CPU
		{AC10F14E-AC73-4C37-B977-5510E16FBDDC}.BuildPFC|Any CPU.ActiveCfg = Release|Any CPU
		{AC10F14E-AC73-4C37-B977-5510E16FBDDC}.BuildPFC|Any CPU.Build.0 = Release|Any CPU
		{AC10F14E-AC73-4C37-B977-5510E16FBDDC}.BuildPFCFxCop|Any CPU.ActiveCfg = Release|Any CPU
		{AC10F14E-AC73-4C37-B977-5510E16FBDDC}.BuildPFCFxCop|Any CPU.Build.0 = Release|Any CPU
		{AC10F14E-AC73-4C37-B977-5510E16FBDDC}.Debug|Any CPU.ActiveCfg = Debug|Any CPU
		{AC10F14E-AC73-4C37-B977-5510E16FBDDC}.Debug|Any CPU.Build.0 = Debug|Any CPU
		{AC10F14E-AC73-4C37-B977-5510E16FBDDC}.Release|Any CPU.ActiveCfg = Release|Any CPU
		{AC10F14E-AC73-4C37-B977-5510E16FBDDC}.Release|Any CPU.Build.0 = Release|Any CPU
		{CFAD76D0-4BFB-4515-9D3C-4138FE6E35F3}.BuildPFC|Any CPU.ActiveCfg = Release|Any CPU
		{CFAD76D0-4BFB-4515-9D3C-4138FE6E35F3}.BuildPFC|Any CPU.Build.0 = Release|Any CPU
		{CFAD76D0-4BFB-4515-9D3C-4138FE6E35F3}.BuildPFCFxCop|Any CPU.ActiveCfg = Release|Any CPU
		{CFAD76D0-4BFB-4515-9D3C-4138FE6E35F3}.BuildPFCFxCop|Any CPU.Build.0 = Release|Any CPU
		{CFAD76D0-4BFB-4515-9D3C-4138FE6E35F3}.Debug|Any CPU.ActiveCfg = Debug|Any CPU
		{CFAD76D0-4BFB-4515-9D3C-4138FE6E35F3}.Debug|Any CPU.Build.0 = Debug|Any CPU
		{CFAD76D0-4BFB-4515-9D3C-4138FE6E35F3}.Release|Any CPU.ActiveCfg = Release|Any CPU
		{CFAD76D0-4BFB-4515-9D3C-4138FE6E35F3}.Release|Any CPU.Build.0 = Release|Any CPU
		{1477B77D-AB76-4C5A-B7DB-EB26F128B8BF}.BuildPFC|Any CPU.ActiveCfg = Release|Any CPU
		{1477B77D-AB76-4C5A-B7DB-EB26F128B8BF}.BuildPFC|Any CPU.Build.0 = Release|Any CPU
		{1477B77D-AB76-4C5A-B7DB-EB26F128B8BF}.BuildPFCFxCop|Any CPU.ActiveCfg = Release|Any CPU
		{1477B77D-AB76-4C5A-B7DB-EB26F128B8BF}.BuildPFCFxCop|Any CPU.Build.0 = Release|Any CPU
		{1477B77D-AB76-4C5A-B7DB-EB26F128B8BF}.Debug|Any CPU.ActiveCfg = Debug|Any CPU
		{1477B77D-AB76-4C5A-B7DB-EB26F128B8BF}.Debug|Any CPU.Build.0 = Debug|Any CPU
		{1477B77D-AB76-4C5A-B7DB-EB26F128B8BF}.Release|Any CPU.ActiveCfg = Release|Any CPU
		{1477B77D-AB76-4C5A-B7DB-EB26F128B8BF}.Release|Any CPU.Build.0 = Release|Any CPU
		{6742EE3C-9C5F-47DC-8146-3338F2D9FF7F}.BuildPFC|Any CPU.ActiveCfg = Release|Any CPU
		{6742EE3C-9C5F-47DC-8146-3338F2D9FF7F}.BuildPFC|Any CPU.Build.0 = Release|Any CPU
		{6742EE3C-9C5F-47DC-8146-3338F2D9FF7F}.BuildPFCFxCop|Any CPU.ActiveCfg = Release|Any CPU
		{6742EE3C-9C5F-47DC-8146-3338F2D9FF7F}.BuildPFCFxCop|Any CPU.Build.0 = Release|Any CPU
		{6742EE3C-9C5F-47DC-8146-3338F2D9FF7F}.Debug|Any CPU.ActiveCfg = Debug|Any CPU
		{6742EE3C-9C5F-47DC-8146-3338F2D9FF7F}.Debug|Any CPU.Build.0 = Debug|Any CPU
		{6742EE3C-9C5F-47DC-8146-3338F2D9FF7F}.Release|Any CPU.ActiveCfg = Release|Any CPU
		{6742EE3C-9C5F-47DC-8146-3338F2D9FF7F}.Release|Any CPU.Build.0 = Release|Any CPU
		{8860A12F-E007-4530-8DC0-BA6E7094C1DE}.BuildPFC|Any CPU.ActiveCfg = Release|Any CPU
		{8860A12F-E007-4530-8DC0-BA6E7094C1DE}.BuildPFC|Any CPU.Build.0 = Release|Any CPU
		{8860A12F-E007-4530-8DC0-BA6E7094C1DE}.BuildPFCFxCop|Any CPU.ActiveCfg = Release|Any CPU
		{8860A12F-E007-4530-8DC0-BA6E7094C1DE}.BuildPFCFxCop|Any CPU.Build.0 = Release|Any CPU
		{8860A12F-E007-4530-8DC0-BA6E7094C1DE}.Debug|Any CPU.ActiveCfg = Debug|Any CPU
		{8860A12F-E007-4530-8DC0-BA6E7094C1DE}.Debug|Any CPU.Build.0 = Debug|Any CPU
		{8860A12F-E007-4530-8DC0-BA6E7094C1DE}.Release|Any CPU.ActiveCfg = Release|Any CPU
		{8860A12F-E007-4530-8DC0-BA6E7094C1DE}.Release|Any CPU.Build.0 = Release|Any CPU
		{7CE3341A-3D28-4526-8518-307A8969E6F0}.BuildPFC|Any CPU.ActiveCfg = Release|Any CPU
		{7CE3341A-3D28-4526-8518-307A8969E6F0}.BuildPFC|Any CPU.Build.0 = Release|Any CPU
		{7CE3341A-3D28-4526-8518-307A8969E6F0}.BuildPFCFxCop|Any CPU.ActiveCfg = Release|Any CPU
		{7CE3341A-3D28-4526-8518-307A8969E6F0}.BuildPFCFxCop|Any CPU.Build.0 = Release|Any CPU
		{7CE3341A-3D28-4526-8518-307A8969E6F0}.Debug|Any CPU.ActiveCfg = Debug|Any CPU
		{7CE3341A-3D28-4526-8518-307A8969E6F0}.Debug|Any CPU.Build.0 = Debug|Any CPU
		{7CE3341A-3D28-4526-8518-307A8969E6F0}.Release|Any CPU.ActiveCfg = Release|Any CPU
		{7CE3341A-3D28-4526-8518-307A8969E6F0}.Release|Any CPU.Build.0 = Release|Any CPU
		{46D38AFE-AEA9-4F61-899E-9A249C985755}.BuildPFC|Any CPU.ActiveCfg = Release|Any CPU
		{46D38AFE-AEA9-4F61-899E-9A249C985755}.BuildPFC|Any CPU.Build.0 = Release|Any CPU
		{46D38AFE-AEA9-4F61-899E-9A249C985755}.BuildPFCFxCop|Any CPU.ActiveCfg = Release|Any CPU
		{46D38AFE-AEA9-4F61-899E-9A249C985755}.BuildPFCFxCop|Any CPU.Build.0 = Release|Any CPU
		{46D38AFE-AEA9-4F61-899E-9A249C985755}.Debug|Any CPU.ActiveCfg = Debug|Any CPU
		{46D38AFE-AEA9-4F61-899E-9A249C985755}.Debug|Any CPU.Build.0 = Debug|Any CPU
		{46D38AFE-AEA9-4F61-899E-9A249C985755}.Release|Any CPU.ActiveCfg = Release|Any CPU
		{46D38AFE-AEA9-4F61-899E-9A249C985755}.Release|Any CPU.Build.0 = Release|Any CPU
		{B9BF12DE-90AA-48D2-83C4-8E2660473F16}.BuildPFC|Any CPU.ActiveCfg = Release|Any CPU
		{B9BF12DE-90AA-48D2-83C4-8E2660473F16}.BuildPFC|Any CPU.Build.0 = Release|Any CPU
		{B9BF12DE-90AA-48D2-83C4-8E2660473F16}.BuildPFCFxCop|Any CPU.ActiveCfg = Release|Any CPU
		{B9BF12DE-90AA-48D2-83C4-8E2660473F16}.BuildPFCFxCop|Any CPU.Build.0 = Release|Any CPU
		{B9BF12DE-90AA-48D2-83C4-8E2660473F16}.Debug|Any CPU.ActiveCfg = Debug|Any CPU
		{B9BF12DE-90AA-48D2-83C4-8E2660473F16}.Debug|Any CPU.Build.0 = Debug|Any CPU
		{B9BF12DE-90AA-48D2-83C4-8E2660473F16}.Release|Any CPU.ActiveCfg = Release|Any CPU
		{B9BF12DE-90AA-48D2-83C4-8E2660473F16}.Release|Any CPU.Build.0 = Release|Any CPU
		{B9C3FC82-9688-44C1-B251-7EF433BA870B}.BuildPFC|Any CPU.ActiveCfg = Release|Any CPU
		{B9C3FC82-9688-44C1-B251-7EF433BA870B}.BuildPFC|Any CPU.Build.0 = Release|Any CPU
		{B9C3FC82-9688-44C1-B251-7EF433BA870B}.BuildPFCFxCop|Any CPU.ActiveCfg = Release|Any CPU
		{B9C3FC82-9688-44C1-B251-7EF433BA870B}.BuildPFCFxCop|Any CPU.Build.0 = Release|Any CPU
		{B9C3FC82-9688-44C1-B251-7EF433BA870B}.Debug|Any CPU.ActiveCfg = Debug|Any CPU
		{B9C3FC82-9688-44C1-B251-7EF433BA870B}.Debug|Any CPU.Build.0 = Debug|Any CPU
		{B9C3FC82-9688-44C1-B251-7EF433BA870B}.Release|Any CPU.ActiveCfg = Release|Any CPU
		{B9C3FC82-9688-44C1-B251-7EF433BA870B}.Release|Any CPU.Build.0 = Release|Any CPU
		{CE6A3A00-8A26-443D-985D-04F724A64B39}.BuildPFC|Any CPU.ActiveCfg = Release|Any CPU
		{CE6A3A00-8A26-443D-985D-04F724A64B39}.BuildPFC|Any CPU.Build.0 = Release|Any CPU
		{CE6A3A00-8A26-443D-985D-04F724A64B39}.BuildPFCFxCop|Any CPU.ActiveCfg = Release|Any CPU
		{CE6A3A00-8A26-443D-985D-04F724A64B39}.BuildPFCFxCop|Any CPU.Build.0 = Release|Any CPU
		{CE6A3A00-8A26-443D-985D-04F724A64B39}.Debug|Any CPU.ActiveCfg = Debug|Any CPU
		{CE6A3A00-8A26-443D-985D-04F724A64B39}.Debug|Any CPU.Build.0 = Debug|Any CPU
		{CE6A3A00-8A26-443D-985D-04F724A64B39}.Release|Any CPU.ActiveCfg = Release|Any CPU
		{CE6A3A00-8A26-443D-985D-04F724A64B39}.Release|Any CPU.Build.0 = Release|Any CPU
		{7EE0C5AD-F343-4C6B-B010-4B0E051F58F6}.BuildPFC|Any CPU.ActiveCfg = Release|Any CPU
		{7EE0C5AD-F343-4C6B-B010-4B0E051F58F6}.BuildPFC|Any CPU.Build.0 = Release|Any CPU
		{7EE0C5AD-F343-4C6B-B010-4B0E051F58F6}.BuildPFCFxCop|Any CPU.ActiveCfg = Release|Any CPU
		{7EE0C5AD-F343-4C6B-B010-4B0E051F58F6}.BuildPFCFxCop|Any CPU.Build.0 = Release|Any CPU
		{7EE0C5AD-F343-4C6B-B010-4B0E051F58F6}.Debug|Any CPU.ActiveCfg = Debug|Any CPU
		{7EE0C5AD-F343-4C6B-B010-4B0E051F58F6}.Debug|Any CPU.Build.0 = Debug|Any CPU
		{7EE0C5AD-F343-4C6B-B010-4B0E051F58F6}.Release|Any CPU.ActiveCfg = Release|Any CPU
		{7EE0C5AD-F343-4C6B-B010-4B0E051F58F6}.Release|Any CPU.Build.0 = Release|Any CPU
		{03EBA8A3-5128-460C-940B-AC0F948AE3B0}.BuildPFC|Any CPU.ActiveCfg = Release|Any CPU
		{03EBA8A3-5128-460C-940B-AC0F948AE3B0}.BuildPFC|Any CPU.Build.0 = Release|Any CPU
		{03EBA8A3-5128-460C-940B-AC0F948AE3B0}.BuildPFCFxCop|Any CPU.ActiveCfg = Release|Any CPU
		{03EBA8A3-5128-460C-940B-AC0F948AE3B0}.BuildPFCFxCop|Any CPU.Build.0 = Release|Any CPU
		{03EBA8A3-5128-460C-940B-AC0F948AE3B0}.Debug|Any CPU.ActiveCfg = Debug|Any CPU
		{03EBA8A3-5128-460C-940B-AC0F948AE3B0}.Debug|Any CPU.Build.0 = Debug|Any CPU
		{03EBA8A3-5128-460C-940B-AC0F948AE3B0}.Release|Any CPU.ActiveCfg = Release|Any CPU
		{03EBA8A3-5128-460C-940B-AC0F948AE3B0}.Release|Any CPU.Build.0 = Release|Any CPU
		{C3D01C68-CB59-4CF2-B925-155701BD8E58}.BuildPFC|Any CPU.ActiveCfg = Release|Any CPU
		{C3D01C68-CB59-4CF2-B925-155701BD8E58}.BuildPFC|Any CPU.Build.0 = Release|Any CPU
		{C3D01C68-CB59-4CF2-B925-155701BD8E58}.BuildPFCFxCop|Any CPU.ActiveCfg = Release|Any CPU
		{C3D01C68-CB59-4CF2-B925-155701BD8E58}.BuildPFCFxCop|Any CPU.Build.0 = Release|Any CPU
		{C3D01C68-CB59-4CF2-B925-155701BD8E58}.Debug|Any CPU.ActiveCfg = Debug|Any CPU
		{C3D01C68-CB59-4CF2-B925-155701BD8E58}.Debug|Any CPU.Build.0 = Debug|Any CPU
		{C3D01C68-CB59-4CF2-B925-155701BD8E58}.Release|Any CPU.ActiveCfg = Release|Any CPU
		{C3D01C68-CB59-4CF2-B925-155701BD8E58}.Release|Any CPU.Build.0 = Release|Any CPU
		{CDA3E81C-798B-4A4B-B58D-CFCD231EF7E0}.BuildPFC|Any CPU.ActiveCfg = Release|Any CPU
		{CDA3E81C-798B-4A4B-B58D-CFCD231EF7E0}.BuildPFC|Any CPU.Build.0 = Release|Any CPU
		{CDA3E81C-798B-4A4B-B58D-CFCD231EF7E0}.BuildPFCFxCop|Any CPU.ActiveCfg = Release|Any CPU
		{CDA3E81C-798B-4A4B-B58D-CFCD231EF7E0}.BuildPFCFxCop|Any CPU.Build.0 = Release|Any CPU
		{CDA3E81C-798B-4A4B-B58D-CFCD231EF7E0}.Debug|Any CPU.ActiveCfg = Debug|Any CPU
		{CDA3E81C-798B-4A4B-B58D-CFCD231EF7E0}.Debug|Any CPU.Build.0 = Debug|Any CPU
		{CDA3E81C-798B-4A4B-B58D-CFCD231EF7E0}.Release|Any CPU.ActiveCfg = Release|Any CPU
		{CDA3E81C-798B-4A4B-B58D-CFCD231EF7E0}.Release|Any CPU.Build.0 = Release|Any CPU
		{A2FA024F-7FD2-4710-A270-4E26E1910B38}.BuildPFC|Any CPU.ActiveCfg = Release|Any CPU
		{A2FA024F-7FD2-4710-A270-4E26E1910B38}.BuildPFC|Any CPU.Build.0 = Release|Any CPU
		{A2FA024F-7FD2-4710-A270-4E26E1910B38}.BuildPFCFxCop|Any CPU.ActiveCfg = Release|Any CPU
		{A2FA024F-7FD2-4710-A270-4E26E1910B38}.BuildPFCFxCop|Any CPU.Build.0 = Release|Any CPU
		{A2FA024F-7FD2-4710-A270-4E26E1910B38}.Debug|Any CPU.ActiveCfg = Debug|Any CPU
		{A2FA024F-7FD2-4710-A270-4E26E1910B38}.Debug|Any CPU.Build.0 = Debug|Any CPU
		{A2FA024F-7FD2-4710-A270-4E26E1910B38}.Release|Any CPU.ActiveCfg = Release|Any CPU
		{A2FA024F-7FD2-4710-A270-4E26E1910B38}.Release|Any CPU.Build.0 = Release|Any CPU
		{F1BB74AE-2B4C-4161-870E-B25F46483C8C}.BuildPFC|Any CPU.ActiveCfg = Release|Any CPU
		{F1BB74AE-2B4C-4161-870E-B25F46483C8C}.BuildPFC|Any CPU.Build.0 = Release|Any CPU
		{F1BB74AE-2B4C-4161-870E-B25F46483C8C}.BuildPFCFxCop|Any CPU.ActiveCfg = Release|Any CPU
		{F1BB74AE-2B4C-4161-870E-B25F46483C8C}.BuildPFCFxCop|Any CPU.Build.0 = Release|Any CPU
		{F1BB74AE-2B4C-4161-870E-B25F46483C8C}.Debug|Any CPU.ActiveCfg = Debug|Any CPU
		{F1BB74AE-2B4C-4161-870E-B25F46483C8C}.Debug|Any CPU.Build.0 = Debug|Any CPU
		{F1BB74AE-2B4C-4161-870E-B25F46483C8C}.Release|Any CPU.ActiveCfg = Release|Any CPU
		{F1BB74AE-2B4C-4161-870E-B25F46483C8C}.Release|Any CPU.Build.0 = Release|Any CPU
		{EAA8222F-E122-4B4A-8DA6-45A710252247}.BuildPFC|Any CPU.ActiveCfg = Release|Any CPU
		{EAA8222F-E122-4B4A-8DA6-45A710252247}.BuildPFC|Any CPU.Build.0 = Release|Any CPU
		{EAA8222F-E122-4B4A-8DA6-45A710252247}.BuildPFCFxCop|Any CPU.ActiveCfg = Release|Any CPU
		{EAA8222F-E122-4B4A-8DA6-45A710252247}.BuildPFCFxCop|Any CPU.Build.0 = Release|Any CPU
		{EAA8222F-E122-4B4A-8DA6-45A710252247}.Debug|Any CPU.ActiveCfg = Debug|Any CPU
		{EAA8222F-E122-4B4A-8DA6-45A710252247}.Debug|Any CPU.Build.0 = Debug|Any CPU
		{EAA8222F-E122-4B4A-8DA6-45A710252247}.Release|Any CPU.ActiveCfg = Release|Any CPU
		{EAA8222F-E122-4B4A-8DA6-45A710252247}.Release|Any CPU.Build.0 = Release|Any CPU
		{A8DA5713-DE8D-46A4-9722-5A83B3C8FF05}.BuildPFC|Any CPU.ActiveCfg = Release|Any CPU
		{A8DA5713-DE8D-46A4-9722-5A83B3C8FF05}.BuildPFC|Any CPU.Build.0 = Release|Any CPU
		{A8DA5713-DE8D-46A4-9722-5A83B3C8FF05}.BuildPFCFxCop|Any CPU.ActiveCfg = Release|Any CPU
		{A8DA5713-DE8D-46A4-9722-5A83B3C8FF05}.BuildPFCFxCop|Any CPU.Build.0 = Release|Any CPU
		{A8DA5713-DE8D-46A4-9722-5A83B3C8FF05}.Debug|Any CPU.ActiveCfg = Debug|Any CPU
		{A8DA5713-DE8D-46A4-9722-5A83B3C8FF05}.Debug|Any CPU.Build.0 = Debug|Any CPU
		{A8DA5713-DE8D-46A4-9722-5A83B3C8FF05}.Release|Any CPU.ActiveCfg = Release|Any CPU
		{A8DA5713-DE8D-46A4-9722-5A83B3C8FF05}.Release|Any CPU.Build.0 = Release|Any CPU
		{7E9EFCDC-DB5F-47D7-9D11-A6F30C581B2A}.BuildPFC|Any CPU.ActiveCfg = Release|Any CPU
		{7E9EFCDC-DB5F-47D7-9D11-A6F30C581B2A}.BuildPFC|Any CPU.Build.0 = Release|Any CPU
		{7E9EFCDC-DB5F-47D7-9D11-A6F30C581B2A}.BuildPFCFxCop|Any CPU.ActiveCfg = Release|Any CPU
		{7E9EFCDC-DB5F-47D7-9D11-A6F30C581B2A}.BuildPFCFxCop|Any CPU.Build.0 = Release|Any CPU
		{7E9EFCDC-DB5F-47D7-9D11-A6F30C581B2A}.Debug|Any CPU.ActiveCfg = Debug|Any CPU
		{7E9EFCDC-DB5F-47D7-9D11-A6F30C581B2A}.Debug|Any CPU.Build.0 = Debug|Any CPU
		{7E9EFCDC-DB5F-47D7-9D11-A6F30C581B2A}.Release|Any CPU.ActiveCfg = Release|Any CPU
		{7E9EFCDC-DB5F-47D7-9D11-A6F30C581B2A}.Release|Any CPU.Build.0 = Release|Any CPU
		{863F5B82-9908-4A94-9574-541431A7B5EF}.BuildPFC|Any CPU.ActiveCfg = Release|Any CPU
		{863F5B82-9908-4A94-9574-541431A7B5EF}.BuildPFC|Any CPU.Build.0 = Release|Any CPU
		{863F5B82-9908-4A94-9574-541431A7B5EF}.BuildPFCFxCop|Any CPU.ActiveCfg = Release|Any CPU
		{863F5B82-9908-4A94-9574-541431A7B5EF}.BuildPFCFxCop|Any CPU.Build.0 = Release|Any CPU
		{863F5B82-9908-4A94-9574-541431A7B5EF}.Debug|Any CPU.ActiveCfg = Debug|Any CPU
		{863F5B82-9908-4A94-9574-541431A7B5EF}.Debug|Any CPU.Build.0 = Debug|Any CPU
		{863F5B82-9908-4A94-9574-541431A7B5EF}.Release|Any CPU.ActiveCfg = Release|Any CPU
		{863F5B82-9908-4A94-9574-541431A7B5EF}.Release|Any CPU.Build.0 = Release|Any CPU
		{B8DA5713-DE8D-46A4-9722-5A83B3C8FF06}.BuildPFC|Any CPU.ActiveCfg = Release|Any CPU
		{B8DA5713-DE8D-46A4-9722-5A83B3C8FF06}.BuildPFC|Any CPU.Build.0 = Release|Any CPU
		{B8DA5713-DE8D-46A4-9722-5A83B3C8FF06}.BuildPFCFxCop|Any CPU.ActiveCfg = Release|Any CPU
		{B8DA5713-DE8D-46A4-9722-5A83B3C8FF06}.BuildPFCFxCop|Any CPU.Build.0 = Release|Any CPU
		{B8DA5713-DE8D-46A4-9722-5A83B3C8FF06}.Debug|Any CPU.ActiveCfg = Debug|Any CPU
		{B8DA5713-DE8D-46A4-9722-5A83B3C8FF06}.Debug|Any CPU.Build.0 = Debug|Any CPU
		{B8DA5713-DE8D-46A4-9722-5A83B3C8FF06}.Release|Any CPU.ActiveCfg = Release|Any CPU
		{B8DA5713-DE8D-46A4-9722-5A83B3C8FF06}.Release|Any CPU.Build.0 = Release|Any CPU
		{8E9EFCDC-DB5F-47D7-9D11-A6F30C581B2B}.BuildPFC|Any CPU.ActiveCfg = Release|Any CPU
		{8E9EFCDC-DB5F-47D7-9D11-A6F30C581B2B}.BuildPFC|Any CPU.Build.0 = Release|Any CPU
		{8E9EFCDC-DB5F-47D7-9D11-A6F30C581B2B}.BuildPFCFxCop|Any CPU.ActiveCfg = Release|Any CPU
		{8E9EFCDC-DB5F-47D7-9D11-A6F30C581B2B}.BuildPFCFxCop|Any CPU.Build.0 = Release|Any CPU
		{8E9EFCDC-DB5F-47D7-9D11-A6F30C581B2B}.Debug|Any CPU.ActiveCfg = Debug|Any CPU
		{8E9EFCDC-DB5F-47D7-9D11-A6F30C581B2B}.Debug|Any CPU.Build.0 = Debug|Any CPU
		{8E9EFCDC-DB5F-47D7-9D11-A6F30C581B2B}.Release|Any CPU.ActiveCfg = Release|Any CPU
		{8E9EFCDC-DB5F-47D7-9D11-A6F30C581B2B}.Release|Any CPU.Build.0 = Release|Any CPU
		{156282AD-B74D-4014-8ABB-DBC21D006F03}.BuildPFC|Any CPU.ActiveCfg = Release|Any CPU
		{156282AD-B74D-4014-8ABB-DBC21D006F03}.BuildPFC|Any CPU.Build.0 = Release|Any CPU
		{156282AD-B74D-4014-8ABB-DBC21D006F03}.BuildPFCFxCop|Any CPU.ActiveCfg = Release|Any CPU
		{156282AD-B74D-4014-8ABB-DBC21D006F03}.BuildPFCFxCop|Any CPU.Build.0 = Release|Any CPU
		{156282AD-B74D-4014-8ABB-DBC21D006F03}.Debug|Any CPU.ActiveCfg = Debug|Any CPU
		{156282AD-B74D-4014-8ABB-DBC21D006F03}.Debug|Any CPU.Build.0 = Debug|Any CPU
		{156282AD-B74D-4014-8ABB-DBC21D006F03}.Release|Any CPU.ActiveCfg = Release|Any CPU
		{156282AD-B74D-4014-8ABB-DBC21D006F03}.Release|Any CPU.Build.0 = Release|Any CPU
		{4CCDF9C6-83D6-489A-B469-3BF8491C96DC}.BuildPFC|Any CPU.ActiveCfg = Debug|Any CPU
		{4CCDF9C6-83D6-489A-B469-3BF8491C96DC}.BuildPFC|Any CPU.Build.0 = Debug|Any CPU
		{4CCDF9C6-83D6-489A-B469-3BF8491C96DC}.BuildPFCFxCop|Any CPU.ActiveCfg = Debug|Any CPU
		{4CCDF9C6-83D6-489A-B469-3BF8491C96DC}.BuildPFCFxCop|Any CPU.Build.0 = Debug|Any CPU
		{4CCDF9C6-83D6-489A-B469-3BF8491C96DC}.Debug|Any CPU.ActiveCfg = Debug|Any CPU
		{4CCDF9C6-83D6-489A-B469-3BF8491C96DC}.Debug|Any CPU.Build.0 = Debug|Any CPU
		{4CCDF9C6-83D6-489A-B469-3BF8491C96DC}.Release|Any CPU.ActiveCfg = Release|Any CPU
		{4CCDF9C6-83D6-489A-B469-3BF8491C96DC}.Release|Any CPU.Build.0 = Release|Any CPU
		{D0D37708-00F7-429F-9215-C19D0A4B3FF6}.BuildPFC|Any CPU.ActiveCfg = Debug|Any CPU
		{D0D37708-00F7-429F-9215-C19D0A4B3FF6}.BuildPFC|Any CPU.Build.0 = Debug|Any CPU
		{D0D37708-00F7-429F-9215-C19D0A4B3FF6}.BuildPFCFxCop|Any CPU.ActiveCfg = Debug|Any CPU
		{D0D37708-00F7-429F-9215-C19D0A4B3FF6}.BuildPFCFxCop|Any CPU.Build.0 = Debug|Any CPU
		{D0D37708-00F7-429F-9215-C19D0A4B3FF6}.Debug|Any CPU.ActiveCfg = Debug|Any CPU
		{D0D37708-00F7-429F-9215-C19D0A4B3FF6}.Debug|Any CPU.Build.0 = Debug|Any CPU
		{D0D37708-00F7-429F-9215-C19D0A4B3FF6}.Release|Any CPU.ActiveCfg = Release|Any CPU
		{D0D37708-00F7-429F-9215-C19D0A4B3FF6}.Release|Any CPU.Build.0 = Release|Any CPU
		{9D39C3F6-E6D7-4CEA-9FE2-6941C00FA844}.BuildPFC|Any CPU.ActiveCfg = Debug|Any CPU
		{9D39C3F6-E6D7-4CEA-9FE2-6941C00FA844}.BuildPFC|Any CPU.Build.0 = Debug|Any CPU
		{9D39C3F6-E6D7-4CEA-9FE2-6941C00FA844}.BuildPFCFxCop|Any CPU.ActiveCfg = Debug|Any CPU
		{9D39C3F6-E6D7-4CEA-9FE2-6941C00FA844}.BuildPFCFxCop|Any CPU.Build.0 = Debug|Any CPU
		{9D39C3F6-E6D7-4CEA-9FE2-6941C00FA844}.Debug|Any CPU.ActiveCfg = Debug|Any CPU
		{9D39C3F6-E6D7-4CEA-9FE2-6941C00FA844}.Debug|Any CPU.Build.0 = Debug|Any CPU
		{9D39C3F6-E6D7-4CEA-9FE2-6941C00FA844}.Release|Any CPU.ActiveCfg = Release|Any CPU
		{9D39C3F6-E6D7-4CEA-9FE2-6941C00FA844}.Release|Any CPU.Build.0 = Release|Any CPU
		{0029067B-BD55-4936-8C74-7D2029C27D54}.BuildPFC|Any CPU.ActiveCfg = Debug|Any CPU
		{0029067B-BD55-4936-8C74-7D2029C27D54}.BuildPFC|Any CPU.Build.0 = Debug|Any CPU
		{0029067B-BD55-4936-8C74-7D2029C27D54}.BuildPFCFxCop|Any CPU.ActiveCfg = Debug|Any CPU
		{0029067B-BD55-4936-8C74-7D2029C27D54}.BuildPFCFxCop|Any CPU.Build.0 = Debug|Any CPU
		{0029067B-BD55-4936-8C74-7D2029C27D54}.Debug|Any CPU.ActiveCfg = Debug|Any CPU
		{0029067B-BD55-4936-8C74-7D2029C27D54}.Debug|Any CPU.Build.0 = Debug|Any CPU
		{0029067B-BD55-4936-8C74-7D2029C27D54}.Release|Any CPU.ActiveCfg = Release|Any CPU
		{0029067B-BD55-4936-8C74-7D2029C27D54}.Release|Any CPU.Build.0 = Release|Any CPU
		{1B3191C9-16A8-471F-B7B8-8EE643615D67}.BuildPFC|Any CPU.ActiveCfg = Debug|Any CPU
		{1B3191C9-16A8-471F-B7B8-8EE643615D67}.BuildPFC|Any CPU.Build.0 = Debug|Any CPU
		{1B3191C9-16A8-471F-B7B8-8EE643615D67}.BuildPFCFxCop|Any CPU.ActiveCfg = Debug|Any CPU
		{1B3191C9-16A8-471F-B7B8-8EE643615D67}.BuildPFCFxCop|Any CPU.Build.0 = Debug|Any CPU
		{1B3191C9-16A8-471F-B7B8-8EE643615D67}.Debug|Any CPU.ActiveCfg = Debug|Any CPU
		{1B3191C9-16A8-471F-B7B8-8EE643615D67}.Debug|Any CPU.Build.0 = Debug|Any CPU
		{1B3191C9-16A8-471F-B7B8-8EE643615D67}.Release|Any CPU.ActiveCfg = Release|Any CPU
		{1B3191C9-16A8-471F-B7B8-8EE643615D67}.Release|Any CPU.Build.0 = Release|Any CPU
		{E0B799CD-CBC2-4ED0-898F-8511E24241A2}.BuildPFC|Any CPU.ActiveCfg = Debug|Any CPU
		{E0B799CD-CBC2-4ED0-898F-8511E24241A2}.BuildPFC|Any CPU.Build.0 = Debug|Any CPU
		{E0B799CD-CBC2-4ED0-898F-8511E24241A2}.BuildPFCFxCop|Any CPU.ActiveCfg = Debug|Any CPU
		{E0B799CD-CBC2-4ED0-898F-8511E24241A2}.BuildPFCFxCop|Any CPU.Build.0 = Debug|Any CPU
		{E0B799CD-CBC2-4ED0-898F-8511E24241A2}.Debug|Any CPU.ActiveCfg = Debug|Any CPU
		{E0B799CD-CBC2-4ED0-898F-8511E24241A2}.Debug|Any CPU.Build.0 = Debug|Any CPU
		{E0B799CD-CBC2-4ED0-898F-8511E24241A2}.Release|Any CPU.ActiveCfg = Release|Any CPU
		{E0B799CD-CBC2-4ED0-898F-8511E24241A2}.Release|Any CPU.Build.0 = Release|Any CPU
		{9D0B1A22-EBDE-4AF0-9D26-AAFB7350D826}.BuildPFC|Any CPU.ActiveCfg = Debug|Any CPU
		{9D0B1A22-EBDE-4AF0-9D26-AAFB7350D826}.BuildPFC|Any CPU.Build.0 = Debug|Any CPU
		{9D0B1A22-EBDE-4AF0-9D26-AAFB7350D826}.BuildPFCFxCop|Any CPU.ActiveCfg = Debug|Any CPU
		{9D0B1A22-EBDE-4AF0-9D26-AAFB7350D826}.BuildPFCFxCop|Any CPU.Build.0 = Debug|Any CPU
		{9D0B1A22-EBDE-4AF0-9D26-AAFB7350D826}.Debug|Any CPU.ActiveCfg = Debug|Any CPU
		{9D0B1A22-EBDE-4AF0-9D26-AAFB7350D826}.Debug|Any CPU.Build.0 = Debug|Any CPU
		{9D0B1A22-EBDE-4AF0-9D26-AAFB7350D826}.Release|Any CPU.ActiveCfg = Release|Any CPU
		{9D0B1A22-EBDE-4AF0-9D26-AAFB7350D826}.Release|Any CPU.Build.0 = Release|Any CPU
		{53DD0845-A24F-4A4D-ADA5-180DF7745BE4}.BuildPFC|Any CPU.ActiveCfg = Debug|Any CPU
		{53DD0845-A24F-4A4D-ADA5-180DF7745BE4}.BuildPFC|Any CPU.Build.0 = Debug|Any CPU
		{53DD0845-A24F-4A4D-ADA5-180DF7745BE4}.BuildPFCFxCop|Any CPU.ActiveCfg = Debug|Any CPU
		{53DD0845-A24F-4A4D-ADA5-180DF7745BE4}.BuildPFCFxCop|Any CPU.Build.0 = Debug|Any CPU
		{53DD0845-A24F-4A4D-ADA5-180DF7745BE4}.Debug|Any CPU.ActiveCfg = Debug|Any CPU
		{53DD0845-A24F-4A4D-ADA5-180DF7745BE4}.Debug|Any CPU.Build.0 = Debug|Any CPU
		{53DD0845-A24F-4A4D-ADA5-180DF7745BE4}.Release|Any CPU.ActiveCfg = Release|Any CPU
		{53DD0845-A24F-4A4D-ADA5-180DF7745BE4}.Release|Any CPU.Build.0 = Release|Any CPU
		{504B811C-2282-424F-A690-B7E6F62C41B7}.BuildPFC|Any CPU.ActiveCfg = BuildPFC|Any CPU
		{504B811C-2282-424F-A690-B7E6F62C41B7}.BuildPFC|Any CPU.Build.0 = BuildPFC|Any CPU
		{504B811C-2282-424F-A690-B7E6F62C41B7}.BuildPFCFxCop|Any CPU.ActiveCfg = BuildPFCFxCop|Any CPU
		{504B811C-2282-424F-A690-B7E6F62C41B7}.BuildPFCFxCop|Any CPU.Build.0 = BuildPFCFxCop|Any CPU
		{504B811C-2282-424F-A690-B7E6F62C41B7}.Debug|Any CPU.ActiveCfg = Debug|Any CPU
		{504B811C-2282-424F-A690-B7E6F62C41B7}.Debug|Any CPU.Build.0 = Debug|Any CPU
		{504B811C-2282-424F-A690-B7E6F62C41B7}.Release|Any CPU.ActiveCfg = Release|Any CPU
		{504B811C-2282-424F-A690-B7E6F62C41B7}.Release|Any CPU.Build.0 = Release|Any CPU
		{9B51C8F5-5FDE-493B-B9E0-114EC0A97EEE}.BuildPFC|Any CPU.ActiveCfg = Debug|Any CPU
		{9B51C8F5-5FDE-493B-B9E0-114EC0A97EEE}.BuildPFC|Any CPU.Build.0 = Debug|Any CPU
		{9B51C8F5-5FDE-493B-B9E0-114EC0A97EEE}.BuildPFCFxCop|Any CPU.ActiveCfg = Debug|Any CPU
		{9B51C8F5-5FDE-493B-B9E0-114EC0A97EEE}.BuildPFCFxCop|Any CPU.Build.0 = Debug|Any CPU
		{9B51C8F5-5FDE-493B-B9E0-114EC0A97EEE}.Debug|Any CPU.ActiveCfg = Debug|Any CPU
		{9B51C8F5-5FDE-493B-B9E0-114EC0A97EEE}.Debug|Any CPU.Build.0 = Debug|Any CPU
		{9B51C8F5-5FDE-493B-B9E0-114EC0A97EEE}.Release|Any CPU.ActiveCfg = Release|Any CPU
		{9B51C8F5-5FDE-493B-B9E0-114EC0A97EEE}.Release|Any CPU.Build.0 = Release|Any CPU
		{C41C9525-757D-46C7-A332-CBA2575F326B}.BuildPFC|Any CPU.ActiveCfg = Debug|Any CPU
		{C41C9525-757D-46C7-A332-CBA2575F326B}.BuildPFC|Any CPU.Build.0 = Debug|Any CPU
		{C41C9525-757D-46C7-A332-CBA2575F326B}.BuildPFCFxCop|Any CPU.ActiveCfg = Debug|Any CPU
		{C41C9525-757D-46C7-A332-CBA2575F326B}.BuildPFCFxCop|Any CPU.Build.0 = Debug|Any CPU
		{C41C9525-757D-46C7-A332-CBA2575F326B}.Debug|Any CPU.ActiveCfg = Debug|Any CPU
		{C41C9525-757D-46C7-A332-CBA2575F326B}.Debug|Any CPU.Build.0 = Debug|Any CPU
		{C41C9525-757D-46C7-A332-CBA2575F326B}.Release|Any CPU.ActiveCfg = Release|Any CPU
		{C41C9525-757D-46C7-A332-CBA2575F326B}.Release|Any CPU.Build.0 = Release|Any CPU
		{ACC15BB0-DB4C-48A6-A60E-EE59949F7123}.BuildPFC|Any CPU.ActiveCfg = Debug|Any CPU
		{ACC15BB0-DB4C-48A6-A60E-EE59949F7123}.BuildPFC|Any CPU.Build.0 = Debug|Any CPU
		{ACC15BB0-DB4C-48A6-A60E-EE59949F7123}.BuildPFCFxCop|Any CPU.ActiveCfg = Debug|Any CPU
		{ACC15BB0-DB4C-48A6-A60E-EE59949F7123}.BuildPFCFxCop|Any CPU.Build.0 = Debug|Any CPU
		{ACC15BB0-DB4C-48A6-A60E-EE59949F7123}.Debug|Any CPU.ActiveCfg = Debug|Any CPU
		{ACC15BB0-DB4C-48A6-A60E-EE59949F7123}.Debug|Any CPU.Build.0 = Debug|Any CPU
		{ACC15BB0-DB4C-48A6-A60E-EE59949F7123}.Release|Any CPU.ActiveCfg = Release|Any CPU
		{ACC15BB0-DB4C-48A6-A60E-EE59949F7123}.Release|Any CPU.Build.0 = Release|Any CPU
		{54AD6FB2-CAA0-4404-801B-C2975B83E674}.BuildPFC|Any CPU.ActiveCfg = Debug|Any CPU
		{54AD6FB2-CAA0-4404-801B-C2975B83E674}.BuildPFC|Any CPU.Build.0 = Debug|Any CPU
		{54AD6FB2-CAA0-4404-801B-C2975B83E674}.BuildPFCFxCop|Any CPU.ActiveCfg = Debug|Any CPU
		{54AD6FB2-CAA0-4404-801B-C2975B83E674}.BuildPFCFxCop|Any CPU.Build.0 = Debug|Any CPU
		{54AD6FB2-CAA0-4404-801B-C2975B83E674}.Debug|Any CPU.ActiveCfg = Debug|Any CPU
		{54AD6FB2-CAA0-4404-801B-C2975B83E674}.Debug|Any CPU.Build.0 = Debug|Any CPU
		{54AD6FB2-CAA0-4404-801B-C2975B83E674}.Release|Any CPU.ActiveCfg = Release|Any CPU
		{54AD6FB2-CAA0-4404-801B-C2975B83E674}.Release|Any CPU.Build.0 = Release|Any CPU
	EndGlobalSection
	GlobalSection(SolutionProperties) = preSolution
		HideSolutionNode = FALSE
	EndGlobalSection
	GlobalSection(ExtensibilityGlobals) = postSolution
		SolutionGuid = {41577C39-868F-4460-93E4-B610EBA68743}
	EndGlobalSection
EndGlobal
